// !$*UTF8*$!
{
	archiveVersion = 1;
	classes = {
	};
	objectVersion = 46;
	objects = {

/* Begin PBXBuildFile section */
		070281901C0CA05400125F35 /* iPhoneIcon.xcassets in Resources */ = {isa = PBXBuildFile; fileRef = 0702818F1C0CA05400125F35 /* iPhoneIcon.xcassets */; };
		072BE73E1C0D7CD400798AC1 /* iPhoneIcon.xcassets in Resources */ = {isa = PBXBuildFile; fileRef = 0702818F1C0CA05400125F35 /* iPhoneIcon.xcassets */; };
		072BE7401C0D803500798AC1 /* macIcon.xcassets in Resources */ = {isa = PBXBuildFile; fileRef = 072BE73F1C0D803500798AC1 /* macIcon.xcassets */; };
		072BE7421C0D804A00798AC1 /* AndroidIcon.xcassets in Resources */ = {isa = PBXBuildFile; fileRef = 072BE7411C0D804A00798AC1 /* AndroidIcon.xcassets */; };
		072BE7461C0D808500798AC1 /* linuxIcon.xcassets in Resources */ = {isa = PBXBuildFile; fileRef = 072BE7451C0D808500798AC1 /* linuxIcon.xcassets */; };
		072BE7481C0D809700798AC1 /* windowsIcon.xcassets in Resources */ = {isa = PBXBuildFile; fileRef = 072BE7471C0D809700798AC1 /* windowsIcon.xcassets */; };
		072BE7491C0D815F00798AC1 /* windowsIcon.xcassets in Resources */ = {isa = PBXBuildFile; fileRef = 072BE7471C0D809700798AC1 /* windowsIcon.xcassets */; };
		072BE74A1C0D816500798AC1 /* macIcon.xcassets in Resources */ = {isa = PBXBuildFile; fileRef = 072BE73F1C0D803500798AC1 /* macIcon.xcassets */; };
		072BE74B1C0D816A00798AC1 /* AndroidIcon.xcassets in Resources */ = {isa = PBXBuildFile; fileRef = 072BE7411C0D804A00798AC1 /* AndroidIcon.xcassets */; };
		072BE74D1C0D8AE700798AC1 /* defaultIcon.xcassets in Resources */ = {isa = PBXBuildFile; fileRef = 072BE74C1C0D8AE700798AC1 /* defaultIcon.xcassets */; };
		072BE74E1C0D8BB800798AC1 /* defaultIcon.xcassets in Resources */ = {isa = PBXBuildFile; fileRef = 072BE74C1C0D8AE700798AC1 /* defaultIcon.xcassets */; };
		072BE74F1C0D8BBD00798AC1 /* linuxIcon.xcassets in Resources */ = {isa = PBXBuildFile; fileRef = 072BE7451C0D808500798AC1 /* linuxIcon.xcassets */; };
		07B308371C0ECD2800A889BF /* selected_image.xcassets in Resources */ = {isa = PBXBuildFile; fileRef = 07B308361C0ECD2800A889BF /* selected_image.xcassets */; };
		07B308381C0ECD5700A889BF /* selected_image.xcassets in Resources */ = {isa = PBXBuildFile; fileRef = 07B308361C0ECD2800A889BF /* selected_image.xcassets */; };
		07B3083C1C0EDC6300A889BF /* Button_back.xcassets in Resources */ = {isa = PBXBuildFile; fileRef = 07B3083B1C0EDC6300A889BF /* Button_back.xcassets */; };
		07B3083D1C0EDC8E00A889BF /* Button_back.xcassets in Resources */ = {isa = PBXBuildFile; fileRef = 07B3083B1C0EDC6300A889BF /* Button_back.xcassets */; };
		07BB981D1C100B9500AF7F7C /* QTRImagesInfoData.m in Sources */ = {isa = PBXBuildFile; fileRef = 07BB981C1C100B9500AF7F7C /* QTRImagesInfoData.m */; };
		07BB98211C102EC600AF7F7C /* QTRSelectedUserInfo.m in Sources */ = {isa = PBXBuildFile; fileRef = 07BB98201C102EC600AF7F7C /* QTRSelectedUserInfo.m */; };
		07D4A2E21C0821E0006F93E6 /* settingIcon.png in Resources */ = {isa = PBXBuildFile; fileRef = 07D4A2E11C0821E0006F93E6 /* settingIcon.png */; };
		07D4A2E81C0848F0006F93E6 /* QTRRightBarButtonView.m in Sources */ = {isa = PBXBuildFile; fileRef = 07D4A2E71C0848F0006F93E6 /* QTRRightBarButtonView.m */; };
		07D4A2EB1C086AD4006F93E6 /* QTRActionSheetGalleryView.m in Sources */ = {isa = PBXBuildFile; fileRef = 07D4A2EA1C086AD4006F93E6 /* QTRActionSheetGalleryView.m */; };
		07D4A2F41C088D5F006F93E6 /* QTRAlertControllerCollectionViewCell.m in Sources */ = {isa = PBXBuildFile; fileRef = 07D4A2F31C088D5F006F93E6 /* QTRAlertControllerCollectionViewCell.m */; };
		07D5DB221C0D69F0005C2EC2 /* Gallery_placeholder.png in Resources */ = {isa = PBXBuildFile; fileRef = 07D5DB211C0D69F0005C2EC2 /* Gallery_placeholder.png */; };
		07D5DB661C0D70CE005C2EC2 /* Gallery_placeholder.png in Resources */ = {isa = PBXBuildFile; fileRef = 07D5DB211C0D69F0005C2EC2 /* Gallery_placeholder.png */; };
		07E7422E1C0717490084388C /* QTRShowGalleryViewController.m in Sources */ = {isa = PBXBuildFile; fileRef = 07E7422D1C0717490084388C /* QTRShowGalleryViewController.m */; };
		07E742311C07390B0084388C /* QTRGalleryImagesView.m in Sources */ = {isa = PBXBuildFile; fileRef = 07E742301C07390B0084388C /* QTRGalleryImagesView.m */; };
		07E742341C073BE80084388C /* QTRGalleryCollectionViewCell.m in Sources */ = {isa = PBXBuildFile; fileRef = 07E742331C073BE80084388C /* QTRGalleryCollectionViewCell.m */; };
		07E742381C0751410084388C /* Launch Screen.storyboard in Resources */ = {isa = PBXBuildFile; fileRef = 07E742371C0751410084388C /* Launch Screen.storyboard */; };
		07EE54691C047B550092C913 /* QTRHomeCollectionViewCell.m in Sources */ = {isa = PBXBuildFile; fileRef = 07EE54681C047B550092C913 /* QTRHomeCollectionViewCell.m */; };
		590C41AF18D2C6320073F160 /* MobileCoreServices.framework in Frameworks */ = {isa = PBXBuildFile; fileRef = 590C41AE18D2C6320073F160 /* MobileCoreServices.framework */; };
		590C41B118D2E3A80073F160 /* AssetsLibrary.framework in Frameworks */ = {isa = PBXBuildFile; fileRef = 590C41B018D2E3A80073F160 /* AssetsLibrary.framework */; };
		FA12BB0318BF06000030911F /* QTRTransfer.m in Sources */ = {isa = PBXBuildFile; fileRef = FA12BB0218BF06000030911F /* QTRTransfer.m */; };
		FA12BB0418BF06000030911F /* QTRTransfer.m in Sources */ = {isa = PBXBuildFile; fileRef = FA12BB0218BF06000030911F /* QTRTransfer.m */; };
		FA12BB0718BF29320030911F /* QTRTransfersController.m in Sources */ = {isa = PBXBuildFile; fileRef = FA12BB0618BF29320030911F /* QTRTransfersController.m */; };
		FA283EF418B494E5003D4FB6 /* Foundation.framework in Frameworks */ = {isa = PBXBuildFile; fileRef = FA283EF318B494E5003D4FB6 /* Foundation.framework */; };
		FA283EF618B494E5003D4FB6 /* CoreGraphics.framework in Frameworks */ = {isa = PBXBuildFile; fileRef = FA283EF518B494E5003D4FB6 /* CoreGraphics.framework */; };
		FA283EF818B494E5003D4FB6 /* UIKit.framework in Frameworks */ = {isa = PBXBuildFile; fileRef = FA283EF718B494E5003D4FB6 /* UIKit.framework */; };
		FA283EFE18B494E5003D4FB6 /* InfoPlist.strings in Resources */ = {isa = PBXBuildFile; fileRef = FA283EFC18B494E5003D4FB6 /* InfoPlist.strings */; };
		FA283F0018B494E5003D4FB6 /* main.m in Sources */ = {isa = PBXBuildFile; fileRef = FA283EFF18B494E5003D4FB6 /* main.m */; };
		FA283F0418B494E5003D4FB6 /* QTRAppDelegate.m in Sources */ = {isa = PBXBuildFile; fileRef = FA283F0318B494E5003D4FB6 /* QTRAppDelegate.m */; };
		FA283F0618B494E5003D4FB6 /* Images.xcassets in Resources */ = {isa = PBXBuildFile; fileRef = FA283F0518B494E5003D4FB6 /* Images.xcassets */; };
		FA283F0C18B494E5003D4FB6 /* XCTest.framework in Frameworks */ = {isa = PBXBuildFile; fileRef = FAD9FFF618B33CA80098DA76 /* XCTest.framework */; };
		FA283F0D18B494E5003D4FB6 /* Foundation.framework in Frameworks */ = {isa = PBXBuildFile; fileRef = FA283EF318B494E5003D4FB6 /* Foundation.framework */; };
		FA283F0E18B494E5003D4FB6 /* UIKit.framework in Frameworks */ = {isa = PBXBuildFile; fileRef = FA283EF718B494E5003D4FB6 /* UIKit.framework */; };
		FA283F1618B494E5003D4FB6 /* InfoPlist.strings in Resources */ = {isa = PBXBuildFile; fileRef = FA283F1418B494E5003D4FB6 /* InfoPlist.strings */; };
		FA283F1818B494E5003D4FB6 /* QuickTransfer_iOSTests.m in Sources */ = {isa = PBXBuildFile; fileRef = FA283F1718B494E5003D4FB6 /* QuickTransfer_iOSTests.m */; };
		FA283F1F18B49551003D4FB6 /* DTBonjourDataChunk.m in Sources */ = {isa = PBXBuildFile; fileRef = FAD9001418B33F010098DA76 /* DTBonjourDataChunk.m */; };
		FA283F2018B49551003D4FB6 /* DTBonjourDataConnection.m in Sources */ = {isa = PBXBuildFile; fileRef = FAD9001618B33F010098DA76 /* DTBonjourDataConnection.m */; };
		FA283F2118B49551003D4FB6 /* DTBonjourServer.m in Sources */ = {isa = PBXBuildFile; fileRef = FAD9001818B33F010098DA76 /* DTBonjourServer.m */; };
		FA283F2218B49551003D4FB6 /* NSScanner+DTBonjour.m in Sources */ = {isa = PBXBuildFile; fileRef = FAD9001A18B33F010098DA76 /* NSScanner+DTBonjour.m */; };
		FA283F2318B49582003D4FB6 /* QTRBonjourServer.m in Sources */ = {isa = PBXBuildFile; fileRef = FAD9002718B34DEF0098DA76 /* QTRBonjourServer.m */; };
		FA283F2418B49582003D4FB6 /* QTRBonjourClient.m in Sources */ = {isa = PBXBuildFile; fileRef = FAD9002A18B3515A0098DA76 /* QTRBonjourClient.m */; };
		FA283F2518B49582003D4FB6 /* QTRMessage.m in Sources */ = {isa = PBXBuildFile; fileRef = FAD9003018B3534A0098DA76 /* QTRMessage.m */; };
		FA283F2618B49582003D4FB6 /* QTRUser.m in Sources */ = {isa = PBXBuildFile; fileRef = FAD9003318B3630F0098DA76 /* QTRUser.m */; };
		FA283F2718B49582003D4FB6 /* QTRConstants.m in Sources */ = {isa = PBXBuildFile; fileRef = FAD9002D18B351DE0098DA76 /* QTRConstants.m */; };
		FA283F2A18B49BA8003D4FB6 /* QTRFile.m in Sources */ = {isa = PBXBuildFile; fileRef = FA283F2918B49BA8003D4FB6 /* QTRFile.m */; };
		FA283F2C18B49BA8003D4FB6 /* QTRFile.m in Sources */ = {isa = PBXBuildFile; fileRef = FA283F2918B49BA8003D4FB6 /* QTRFile.m */; };
		FA283F3A18B5BD9F003D4FB6 /* QTRConnectedDevicesView.m in Sources */ = {isa = PBXBuildFile; fileRef = FA283F3918B5BD9F003D4FB6 /* QTRConnectedDevicesView.m */; };
		FA283F3D18B5BE49003D4FB6 /* QTRConnectedDevicesViewController.m in Sources */ = {isa = PBXBuildFile; fileRef = FA283F3C18B5BE49003D4FB6 /* QTRConnectedDevicesViewController.m */; };
		FA38B29318BDCFA4003BB8E5 /* QTRStatusItemView.m in Sources */ = {isa = PBXBuildFile; fileRef = FA38B29218BDCFA4003BB8E5 /* QTRStatusItemView.m */; };
		FA3ACDB618C0577A00889FBC /* QTRTransfersTableCellView.m in Sources */ = {isa = PBXBuildFile; fileRef = FA3ACDB518C0577A00889FBC /* QTRTransfersTableCellView.m */; };
		FA40A09218FBFB2200FFE344 /* QuickLook.framework in Frameworks */ = {isa = PBXBuildFile; fileRef = FA40A09118FBFB2200FFE344 /* QuickLook.framework */; };
		FA40A09418FBFBE800FFE344 /* Quartz.framework in Frameworks */ = {isa = PBXBuildFile; fileRef = FA40A09318FBFBE800FFE344 /* Quartz.framework */; };
		FA5911E91C0570610057928C /* QTRFileZipper.m in Sources */ = {isa = PBXBuildFile; fileRef = FA5911E81C0570610057928C /* QTRFileZipper.m */; };
		FA5911EA1C0570610057928C /* QTRFileZipper.m in Sources */ = {isa = PBXBuildFile; fileRef = FA5911E81C0570610057928C /* QTRFileZipper.m */; };
		FA5911EB1C0570610057928C /* QTRFileZipper.m in Sources */ = {isa = PBXBuildFile; fileRef = FA5911E81C0570610057928C /* QTRFileZipper.m */; };
		FA5911EC1C0570610057928C /* QTRFileZipper.m in Sources */ = {isa = PBXBuildFile; fileRef = FA5911E81C0570610057928C /* QTRFileZipper.m */; };
		FA5911F01C057F0F0057928C /* QTRDraggedItem.m in Sources */ = {isa = PBXBuildFile; fileRef = FA5911EF1C057F0F0057928C /* QTRDraggedItem.m */; };
		FA5911F11C057F0F0057928C /* QTRDraggedItem.m in Sources */ = {isa = PBXBuildFile; fileRef = FA5911EF1C057F0F0057928C /* QTRDraggedItem.m */; };
		FA5911F21C057F0F0057928C /* QTRDraggedItem.m in Sources */ = {isa = PBXBuildFile; fileRef = FA5911EF1C057F0F0057928C /* QTRDraggedItem.m */; };
		FA5911F31C057F0F0057928C /* QTRDraggedItem.m in Sources */ = {isa = PBXBuildFile; fileRef = FA5911EF1C057F0F0057928C /* QTRDraggedItem.m */; };
		FA5911F71C0583520057928C /* QTRRootController.m in Sources */ = {isa = PBXBuildFile; fileRef = FAD9002018B3458B0098DA76 /* QTRRootController.m */; };
		FA5911F81C0583520057928C /* QTRMessage.m in Sources */ = {isa = PBXBuildFile; fileRef = FAD9003018B3534A0098DA76 /* QTRMessage.m */; };
		FA5911F91C0583520057928C /* QTRTransfersStore.m in Sources */ = {isa = PBXBuildFile; fileRef = FADEB05E18F56202002F1C00 /* QTRTransfersStore.m */; };
		FA5911FA1C0583520057928C /* QTRBonjourClient.m in Sources */ = {isa = PBXBuildFile; fileRef = FAD9002A18B3515A0098DA76 /* QTRBonjourClient.m */; };
		FA5911FB1C0583520057928C /* QTRTransfer.m in Sources */ = {isa = PBXBuildFile; fileRef = FA12BB0218BF06000030911F /* QTRTransfer.m */; };
		FA5911FC1C0583520057928C /* QTRMultipartWriter.m in Sources */ = {isa = PBXBuildFile; fileRef = FA6DA6BA18C5C2BC0097742B /* QTRMultipartWriter.m */; };
		FA5911FD1C0583520057928C /* QTRAppDelegate.m in Sources */ = {isa = PBXBuildFile; fileRef = FAD9FFEA18B33CA70098DA76 /* QTRAppDelegate.m */; };
		FA5911FE1C0583520057928C /* QTRDraggedItem.m in Sources */ = {isa = PBXBuildFile; fileRef = FA5911EF1C057F0F0057928C /* QTRDraggedItem.m */; };
		FA5911FF1C0583520057928C /* QTRFileZipper.m in Sources */ = {isa = PBXBuildFile; fileRef = FA5911E81C0570610057928C /* QTRFileZipper.m */; };
		FA5912001C0583520057928C /* QTRHelper.m in Sources */ = {isa = PBXBuildFile; fileRef = FADEB05618F53177002F1C00 /* QTRHelper.m */; };
		FA5912011C0583520057928C /* QTRFile.m in Sources */ = {isa = PBXBuildFile; fileRef = FA283F2918B49BA8003D4FB6 /* QTRFile.m */; };
		FA5912021C0583520057928C /* QTRMultipartTransfer.m in Sources */ = {isa = PBXBuildFile; fileRef = FA6DA6B618C453E30097742B /* QTRMultipartTransfer.m */; };
		FA5912031C0583520057928C /* QTRBonjourServer.m in Sources */ = {isa = PBXBuildFile; fileRef = FAD9002718B34DEF0098DA76 /* QTRBonjourServer.m */; };
		FA5912041C0583520057928C /* QTRTransfersTableCellView.m in Sources */ = {isa = PBXBuildFile; fileRef = FA3ACDB518C0577A00889FBC /* QTRTransfersTableCellView.m */; };
		FA5912051C0583520057928C /* DTBonjourDataConnection.m in Sources */ = {isa = PBXBuildFile; fileRef = FAD9001618B33F010098DA76 /* DTBonjourDataConnection.m */; };
		FA5912061C0583520057928C /* QTRStatusItemView.m in Sources */ = {isa = PBXBuildFile; fileRef = FA38B29218BDCFA4003BB8E5 /* QTRStatusItemView.m */; };
		FA5912071C0583520057928C /* QTRTransfersController.m in Sources */ = {isa = PBXBuildFile; fileRef = FA12BB0618BF29320030911F /* QTRTransfersController.m */; };
		FA5912081C0583520057928C /* QTRBeaconHelper.m in Sources */ = {isa = PBXBuildFile; fileRef = FAD009C918D840AD0014DCC5 /* QTRBeaconHelper.m */; };
		FA5912091C0583520057928C /* QTRConstants.m in Sources */ = {isa = PBXBuildFile; fileRef = FAD9002D18B351DE0098DA76 /* QTRConstants.m */; };
		FA59120A1C0583520057928C /* DTBonjourDataChunk.m in Sources */ = {isa = PBXBuildFile; fileRef = FAD9001418B33F010098DA76 /* DTBonjourDataChunk.m */; };
		FA59120B1C0583520057928C /* DTBonjourServer.m in Sources */ = {isa = PBXBuildFile; fileRef = FAD9001818B33F010098DA76 /* DTBonjourServer.m */; };
		FA59120C1C0583520057928C /* main.m in Sources */ = {isa = PBXBuildFile; fileRef = FAD9FFE318B33CA70098DA76 /* main.m */; };
		FA59120D1C0583520057928C /* QTRUser.m in Sources */ = {isa = PBXBuildFile; fileRef = FAD9003318B3630F0098DA76 /* QTRUser.m */; };
		FA59120E1C0583520057928C /* NSScanner+DTBonjour.m in Sources */ = {isa = PBXBuildFile; fileRef = FAD9001A18B33F010098DA76 /* NSScanner+DTBonjour.m */; };
		FA5912101C0583520057928C /* Quartz.framework in Frameworks */ = {isa = PBXBuildFile; fileRef = FA40A09318FBFBE800FFE344 /* Quartz.framework */; };
		FA5912111C0583520057928C /* QuickLook.framework in Frameworks */ = {isa = PBXBuildFile; fileRef = FA40A09118FBFB2200FFE344 /* QuickLook.framework */; };
		FA5912121C0583520057928C /* IOBluetooth.framework in Frameworks */ = {isa = PBXBuildFile; fileRef = FAEB336D18DADE7A0053620B /* IOBluetooth.framework */; };
		FA5912131C0583520057928C /* QuartzCore.framework in Frameworks */ = {isa = PBXBuildFile; fileRef = FAEB335818CEE4ED00EA5993 /* QuartzCore.framework */; };
		FA5912141C0583520057928C /* Cocoa.framework in Frameworks */ = {isa = PBXBuildFile; fileRef = FAD9FFD718B33CA70098DA76 /* Cocoa.framework */; };
		FA5912161C0583520057928C /* InfoPlist.strings in Resources */ = {isa = PBXBuildFile; fileRef = FAD9FFE018B33CA70098DA76 /* InfoPlist.strings */; };
		FA5912171C0583520057928C /* Images.xcassets in Resources */ = {isa = PBXBuildFile; fileRef = FAD9FFEF18B33CA80098DA76 /* Images.xcassets */; };
		FA5912181C0583520057928C /* Credits.rtf in Resources */ = {isa = PBXBuildFile; fileRef = FAD9FFE618B33CA70098DA76 /* Credits.rtf */; };
		FA5912191C0583520057928C /* MainMenu.xib in Resources */ = {isa = PBXBuildFile; fileRef = FAD9FFEC18B33CA80098DA76 /* MainMenu.xib */; };
		FA67440918F69D9900A34C24 /* QTRTransfersStore.m in Sources */ = {isa = PBXBuildFile; fileRef = FADEB05E18F56202002F1C00 /* QTRTransfersStore.m */; };
		FA6DA6B718C453E30097742B /* QTRMultipartTransfer.m in Sources */ = {isa = PBXBuildFile; fileRef = FA6DA6B618C453E30097742B /* QTRMultipartTransfer.m */; };
		FA6DA6B818C453E30097742B /* QTRMultipartTransfer.m in Sources */ = {isa = PBXBuildFile; fileRef = FA6DA6B618C453E30097742B /* QTRMultipartTransfer.m */; };
		FA6DA6BB18C5C2BC0097742B /* QTRMultipartWriter.m in Sources */ = {isa = PBXBuildFile; fileRef = FA6DA6BA18C5C2BC0097742B /* QTRMultipartWriter.m */; };
		FA6DA6BC18C5C2BC0097742B /* QTRMultipartWriter.m in Sources */ = {isa = PBXBuildFile; fileRef = FA6DA6BA18C5C2BC0097742B /* QTRMultipartWriter.m */; };
		FA96D09B18FBDFCC000085DC /* QuartzCore.framework in Frameworks */ = {isa = PBXBuildFile; fileRef = FA96D09A18FBDFCC000085DC /* QuartzCore.framework */; };
		FA96D09D18FBF335000085DC /* QuickLook.framework in Frameworks */ = {isa = PBXBuildFile; fileRef = FA96D09C18FBF335000085DC /* QuickLook.framework */; };
		FAAC781918EE80A30006B698 /* QTRTransfersViewController.m in Sources */ = {isa = PBXBuildFile; fileRef = FAAC781818EE80A30006B698 /* QTRTransfersViewController.m */; };
		FAAC781C18EE884C0006B698 /* QTRTransfersTableCell.m in Sources */ = {isa = PBXBuildFile; fileRef = FAAC781B18EE884C0006B698 /* QTRTransfersTableCell.m */; };
		FAD009CA18D840AD0014DCC5 /* QTRBeaconHelper.m in Sources */ = {isa = PBXBuildFile; fileRef = FAD009C918D840AD0014DCC5 /* QTRBeaconHelper.m */; };
		FAD009CB18D840AD0014DCC5 /* QTRBeaconHelper.m in Sources */ = {isa = PBXBuildFile; fileRef = FAD009C918D840AD0014DCC5 /* QTRBeaconHelper.m */; };
		FAD009CD18D840CC0014DCC5 /* CoreBluetooth.framework in Frameworks */ = {isa = PBXBuildFile; fileRef = FAD009C518D83CDF0014DCC5 /* CoreBluetooth.framework */; settings = {ATTRIBUTES = (Weak, ); }; };
		FAD009CF18D84AC50014DCC5 /* CoreLocation.framework in Frameworks */ = {isa = PBXBuildFile; fileRef = FAD009CE18D84AC50014DCC5 /* CoreLocation.framework */; };
		FAD9000018B33CA80098DA76 /* InfoPlist.strings in Resources */ = {isa = PBXBuildFile; fileRef = FAD9FFFE18B33CA80098DA76 /* InfoPlist.strings */; };
		FAD9000218B33CA80098DA76 /* QuickTransferTests.m in Sources */ = {isa = PBXBuildFile; fileRef = FAD9000118B33CA80098DA76 /* QuickTransferTests.m */; };
		FAD9001B18B33F010098DA76 /* DTBonjourDataChunk.m in Sources */ = {isa = PBXBuildFile; fileRef = FAD9001418B33F010098DA76 /* DTBonjourDataChunk.m */; };
		FAD9001C18B33F010098DA76 /* DTBonjourDataConnection.m in Sources */ = {isa = PBXBuildFile; fileRef = FAD9001618B33F010098DA76 /* DTBonjourDataConnection.m */; };
		FAD9001D18B33F010098DA76 /* DTBonjourServer.m in Sources */ = {isa = PBXBuildFile; fileRef = FAD9001818B33F010098DA76 /* DTBonjourServer.m */; };
		FAD9001E18B33F010098DA76 /* NSScanner+DTBonjour.m in Sources */ = {isa = PBXBuildFile; fileRef = FAD9001A18B33F010098DA76 /* NSScanner+DTBonjour.m */; };
		FAD9002118B3458B0098DA76 /* QTRRootController.m in Sources */ = {isa = PBXBuildFile; fileRef = FAD9002018B3458B0098DA76 /* QTRRootController.m */; };
		FAD9002818B34DEF0098DA76 /* QTRBonjourServer.m in Sources */ = {isa = PBXBuildFile; fileRef = FAD9002718B34DEF0098DA76 /* QTRBonjourServer.m */; };
		FAD9002B18B3515A0098DA76 /* QTRBonjourClient.m in Sources */ = {isa = PBXBuildFile; fileRef = FAD9002A18B3515A0098DA76 /* QTRBonjourClient.m */; };
		FAD9002E18B351DE0098DA76 /* QTRConstants.m in Sources */ = {isa = PBXBuildFile; fileRef = FAD9002D18B351DE0098DA76 /* QTRConstants.m */; };
		FAD9003118B3534A0098DA76 /* QTRMessage.m in Sources */ = {isa = PBXBuildFile; fileRef = FAD9003018B3534A0098DA76 /* QTRMessage.m */; };
		FAD9003418B3630F0098DA76 /* QTRUser.m in Sources */ = {isa = PBXBuildFile; fileRef = FAD9003318B3630F0098DA76 /* QTRUser.m */; };
		FAD9FFD818B33CA70098DA76 /* Cocoa.framework in Frameworks */ = {isa = PBXBuildFile; fileRef = FAD9FFD718B33CA70098DA76 /* Cocoa.framework */; };
		FAD9FFE218B33CA70098DA76 /* InfoPlist.strings in Resources */ = {isa = PBXBuildFile; fileRef = FAD9FFE018B33CA70098DA76 /* InfoPlist.strings */; };
		FAD9FFE418B33CA70098DA76 /* main.m in Sources */ = {isa = PBXBuildFile; fileRef = FAD9FFE318B33CA70098DA76 /* main.m */; };
		FAD9FFE818B33CA70098DA76 /* Credits.rtf in Resources */ = {isa = PBXBuildFile; fileRef = FAD9FFE618B33CA70098DA76 /* Credits.rtf */; };
		FAD9FFEB18B33CA70098DA76 /* QTRAppDelegate.m in Sources */ = {isa = PBXBuildFile; fileRef = FAD9FFEA18B33CA70098DA76 /* QTRAppDelegate.m */; };
		FAD9FFEE18B33CA80098DA76 /* MainMenu.xib in Resources */ = {isa = PBXBuildFile; fileRef = FAD9FFEC18B33CA80098DA76 /* MainMenu.xib */; };
		FAD9FFF018B33CA80098DA76 /* Images.xcassets in Resources */ = {isa = PBXBuildFile; fileRef = FAD9FFEF18B33CA80098DA76 /* Images.xcassets */; };
		FAD9FFF718B33CA80098DA76 /* XCTest.framework in Frameworks */ = {isa = PBXBuildFile; fileRef = FAD9FFF618B33CA80098DA76 /* XCTest.framework */; };
		FAD9FFF818B33CA80098DA76 /* Cocoa.framework in Frameworks */ = {isa = PBXBuildFile; fileRef = FAD9FFD718B33CA70098DA76 /* Cocoa.framework */; };
		FADEB05718F53177002F1C00 /* QTRHelper.m in Sources */ = {isa = PBXBuildFile; fileRef = FADEB05618F53177002F1C00 /* QTRHelper.m */; };
		FADEB05818F53177002F1C00 /* QTRHelper.m in Sources */ = {isa = PBXBuildFile; fileRef = FADEB05618F53177002F1C00 /* QTRHelper.m */; };
		FADEB05B18F5577E002F1C00 /* QTRRootViewController.m in Sources */ = {isa = PBXBuildFile; fileRef = FADEB05A18F5577E002F1C00 /* QTRRootViewController.m */; };
		FADEB05F18F56202002F1C00 /* QTRTransfersStore.m in Sources */ = {isa = PBXBuildFile; fileRef = FADEB05E18F56202002F1C00 /* QTRTransfersStore.m */; };
		FAEB335918CEE4ED00EA5993 /* QuartzCore.framework in Frameworks */ = {isa = PBXBuildFile; fileRef = FAEB335818CEE4ED00EA5993 /* QuartzCore.framework */; };
		FAEB336E18DADE7A0053620B /* IOBluetooth.framework in Frameworks */ = {isa = PBXBuildFile; fileRef = FAEB336D18DADE7A0053620B /* IOBluetooth.framework */; };
/* End PBXBuildFile section */

/* Begin PBXContainerItemProxy section */
		FA283F0F18B494E5003D4FB6 /* PBXContainerItemProxy */ = {
			isa = PBXContainerItemProxy;
			containerPortal = FAD9FFCC18B33CA70098DA76 /* Project object */;
			proxyType = 1;
			remoteGlobalIDString = FA283EF118B494E5003D4FB6;
			remoteInfo = "QuickTransfer-iOS";
		};
		FAD9FFF918B33CA80098DA76 /* PBXContainerItemProxy */ = {
			isa = PBXContainerItemProxy;
			containerPortal = FAD9FFCC18B33CA70098DA76 /* Project object */;
			proxyType = 1;
			remoteGlobalIDString = FAD9FFD318B33CA70098DA76;
			remoteInfo = QuickTransfer;
		};
/* End PBXContainerItemProxy section */

/* Begin PBXFileReference section */
		0702818F1C0CA05400125F35 /* iPhoneIcon.xcassets */ = {isa = PBXFileReference; lastKnownFileType = folder.assetcatalog; path = iPhoneIcon.xcassets; sourceTree = "<group>"; };
		072BE73F1C0D803500798AC1 /* macIcon.xcassets */ = {isa = PBXFileReference; lastKnownFileType = folder.assetcatalog; path = macIcon.xcassets; sourceTree = "<group>"; };
		072BE7411C0D804A00798AC1 /* AndroidIcon.xcassets */ = {isa = PBXFileReference; lastKnownFileType = folder.assetcatalog; path = AndroidIcon.xcassets; sourceTree = "<group>"; };
		072BE7451C0D808500798AC1 /* linuxIcon.xcassets */ = {isa = PBXFileReference; lastKnownFileType = folder.assetcatalog; path = linuxIcon.xcassets; sourceTree = "<group>"; };
		072BE7471C0D809700798AC1 /* windowsIcon.xcassets */ = {isa = PBXFileReference; lastKnownFileType = folder.assetcatalog; path = windowsIcon.xcassets; sourceTree = "<group>"; };
		072BE74C1C0D8AE700798AC1 /* defaultIcon.xcassets */ = {isa = PBXFileReference; lastKnownFileType = folder.assetcatalog; path = defaultIcon.xcassets; sourceTree = "<group>"; };
		07B308361C0ECD2800A889BF /* selected_image.xcassets */ = {isa = PBXFileReference; lastKnownFileType = folder.assetcatalog; path = selected_image.xcassets; sourceTree = "<group>"; };
		07B3083B1C0EDC6300A889BF /* Button_back.xcassets */ = {isa = PBXFileReference; lastKnownFileType = folder.assetcatalog; path = Button_back.xcassets; sourceTree = "<group>"; };
		07BB981B1C100B9500AF7F7C /* QTRImagesInfoData.h */ = {isa = PBXFileReference; fileEncoding = 4; lastKnownFileType = sourcecode.c.h; name = QTRImagesInfoData.h; path = Controllers/QTRImagesInfoData.h; sourceTree = "<group>"; };
		07BB981C1C100B9500AF7F7C /* QTRImagesInfoData.m */ = {isa = PBXFileReference; fileEncoding = 4; lastKnownFileType = sourcecode.c.objc; name = QTRImagesInfoData.m; path = Controllers/QTRImagesInfoData.m; sourceTree = "<group>"; };
		07BB981F1C102EC600AF7F7C /* QTRSelectedUserInfo.h */ = {isa = PBXFileReference; fileEncoding = 4; lastKnownFileType = sourcecode.c.h; path = QTRSelectedUserInfo.h; sourceTree = "<group>"; };
		07BB98201C102EC600AF7F7C /* QTRSelectedUserInfo.m */ = {isa = PBXFileReference; fileEncoding = 4; lastKnownFileType = sourcecode.c.objc; path = QTRSelectedUserInfo.m; sourceTree = "<group>"; };
		07D4A2E11C0821E0006F93E6 /* settingIcon.png */ = {isa = PBXFileReference; lastKnownFileType = image.png; path = settingIcon.png; sourceTree = "<group>"; };
		07D4A2E61C0848F0006F93E6 /* QTRRightBarButtonView.h */ = {isa = PBXFileReference; fileEncoding = 4; lastKnownFileType = sourcecode.c.h; path = QTRRightBarButtonView.h; sourceTree = "<group>"; };
		07D4A2E71C0848F0006F93E6 /* QTRRightBarButtonView.m */ = {isa = PBXFileReference; fileEncoding = 4; lastKnownFileType = sourcecode.c.objc; path = QTRRightBarButtonView.m; sourceTree = "<group>"; };
		07D4A2E91C086AD4006F93E6 /* QTRActionSheetGalleryView.h */ = {isa = PBXFileReference; fileEncoding = 4; lastKnownFileType = sourcecode.c.h; path = QTRActionSheetGalleryView.h; sourceTree = "<group>"; };
		07D4A2EA1C086AD4006F93E6 /* QTRActionSheetGalleryView.m */ = {isa = PBXFileReference; fileEncoding = 4; lastKnownFileType = sourcecode.c.objc; path = QTRActionSheetGalleryView.m; sourceTree = "<group>"; };
		07D4A2F21C088D5F006F93E6 /* QTRAlertControllerCollectionViewCell.h */ = {isa = PBXFileReference; fileEncoding = 4; lastKnownFileType = sourcecode.c.h; path = QTRAlertControllerCollectionViewCell.h; sourceTree = "<group>"; };
		07D4A2F31C088D5F006F93E6 /* QTRAlertControllerCollectionViewCell.m */ = {isa = PBXFileReference; fileEncoding = 4; lastKnownFileType = sourcecode.c.objc; path = QTRAlertControllerCollectionViewCell.m; sourceTree = "<group>"; };
		07D5DB211C0D69F0005C2EC2 /* Gallery_placeholder.png */ = {isa = PBXFileReference; lastKnownFileType = image.png; path = Gallery_placeholder.png; sourceTree = "<group>"; };
		07E7422C1C0717490084388C /* QTRShowGalleryViewController.h */ = {isa = PBXFileReference; fileEncoding = 4; lastKnownFileType = sourcecode.c.h; path = QTRShowGalleryViewController.h; sourceTree = "<group>"; };
		07E7422D1C0717490084388C /* QTRShowGalleryViewController.m */ = {isa = PBXFileReference; fileEncoding = 4; lastKnownFileType = sourcecode.c.objc; path = QTRShowGalleryViewController.m; sourceTree = "<group>"; };
		07E7422F1C07390B0084388C /* QTRGalleryImagesView.h */ = {isa = PBXFileReference; fileEncoding = 4; lastKnownFileType = sourcecode.c.h; path = QTRGalleryImagesView.h; sourceTree = "<group>"; };
		07E742301C07390B0084388C /* QTRGalleryImagesView.m */ = {isa = PBXFileReference; fileEncoding = 4; lastKnownFileType = sourcecode.c.objc; path = QTRGalleryImagesView.m; sourceTree = "<group>"; };
		07E742321C073BE80084388C /* QTRGalleryCollectionViewCell.h */ = {isa = PBXFileReference; fileEncoding = 4; lastKnownFileType = sourcecode.c.h; path = QTRGalleryCollectionViewCell.h; sourceTree = "<group>"; };
		07E742331C073BE80084388C /* QTRGalleryCollectionViewCell.m */ = {isa = PBXFileReference; fileEncoding = 4; lastKnownFileType = sourcecode.c.objc; path = QTRGalleryCollectionViewCell.m; sourceTree = "<group>"; };
		07E742371C0751410084388C /* Launch Screen.storyboard */ = {isa = PBXFileReference; fileEncoding = 4; lastKnownFileType = file.storyboard; path = "Launch Screen.storyboard"; sourceTree = "<group>"; };
		07EE54671C047B550092C913 /* QTRHomeCollectionViewCell.h */ = {isa = PBXFileReference; fileEncoding = 4; lastKnownFileType = sourcecode.c.h; path = QTRHomeCollectionViewCell.h; sourceTree = "<group>"; };
		07EE54681C047B550092C913 /* QTRHomeCollectionViewCell.m */ = {isa = PBXFileReference; fileEncoding = 4; lastKnownFileType = sourcecode.c.objc; path = QTRHomeCollectionViewCell.m; sourceTree = "<group>"; };
		590C41AE18D2C6320073F160 /* MobileCoreServices.framework */ = {isa = PBXFileReference; lastKnownFileType = wrapper.framework; name = MobileCoreServices.framework; path = Platforms/iPhoneOS.platform/Developer/SDKs/iPhoneOS7.0.sdk/System/Library/Frameworks/MobileCoreServices.framework; sourceTree = DEVELOPER_DIR; };
		590C41B018D2E3A80073F160 /* AssetsLibrary.framework */ = {isa = PBXFileReference; lastKnownFileType = wrapper.framework; name = AssetsLibrary.framework; path = Platforms/iPhoneOS.platform/Developer/SDKs/iPhoneOS7.0.sdk/System/Library/Frameworks/AssetsLibrary.framework; sourceTree = DEVELOPER_DIR; };
		FA12BB0118BF06000030911F /* QTRTransfer.h */ = {isa = PBXFileReference; fileEncoding = 4; lastKnownFileType = sourcecode.c.h; path = QTRTransfer.h; sourceTree = "<group>"; };
		FA12BB0218BF06000030911F /* QTRTransfer.m */ = {isa = PBXFileReference; fileEncoding = 4; lastKnownFileType = sourcecode.c.objc; path = QTRTransfer.m; sourceTree = "<group>"; };
		FA12BB0518BF29320030911F /* QTRTransfersController.h */ = {isa = PBXFileReference; fileEncoding = 4; lastKnownFileType = sourcecode.c.h; path = QTRTransfersController.h; sourceTree = "<group>"; };
		FA12BB0618BF29320030911F /* QTRTransfersController.m */ = {isa = PBXFileReference; fileEncoding = 4; lastKnownFileType = sourcecode.c.objc; path = QTRTransfersController.m; sourceTree = "<group>"; };
		FA12BB0818BF3D190030911F /* QTRBonjourTransferDelegate.h */ = {isa = PBXFileReference; fileEncoding = 4; lastKnownFileType = sourcecode.c.h; path = QTRBonjourTransferDelegate.h; sourceTree = "<group>"; };
		FA283EF218B494E5003D4FB6 /* QuickTransfer-iOS.app */ = {isa = PBXFileReference; explicitFileType = wrapper.application; includeInIndex = 0; path = "QuickTransfer-iOS.app"; sourceTree = BUILT_PRODUCTS_DIR; };
		FA283EF318B494E5003D4FB6 /* Foundation.framework */ = {isa = PBXFileReference; lastKnownFileType = wrapper.framework; name = Foundation.framework; path = System/Library/Frameworks/Foundation.framework; sourceTree = SDKROOT; };
		FA283EF518B494E5003D4FB6 /* CoreGraphics.framework */ = {isa = PBXFileReference; lastKnownFileType = wrapper.framework; name = CoreGraphics.framework; path = System/Library/Frameworks/CoreGraphics.framework; sourceTree = SDKROOT; };
		FA283EF718B494E5003D4FB6 /* UIKit.framework */ = {isa = PBXFileReference; lastKnownFileType = wrapper.framework; name = UIKit.framework; path = Library/Frameworks/UIKit.framework; sourceTree = DEVELOPER_DIR; };
		FA283EFB18B494E5003D4FB6 /* QuickTransfer-iOS-Info.plist */ = {isa = PBXFileReference; lastKnownFileType = text.plist.xml; path = "QuickTransfer-iOS-Info.plist"; sourceTree = "<group>"; };
		FA283EFD18B494E5003D4FB6 /* en */ = {isa = PBXFileReference; lastKnownFileType = text.plist.strings; name = en; path = en.lproj/InfoPlist.strings; sourceTree = "<group>"; };
		FA283EFF18B494E5003D4FB6 /* main.m */ = {isa = PBXFileReference; lastKnownFileType = sourcecode.c.objc; path = main.m; sourceTree = "<group>"; };
		FA283F0118B494E5003D4FB6 /* QuickTransfer-iOS-Prefix.pch */ = {isa = PBXFileReference; lastKnownFileType = sourcecode.c.h; path = "QuickTransfer-iOS-Prefix.pch"; sourceTree = "<group>"; };
		FA283F0218B494E5003D4FB6 /* QTRAppDelegate.h */ = {isa = PBXFileReference; lastKnownFileType = sourcecode.c.h; path = QTRAppDelegate.h; sourceTree = "<group>"; };
		FA283F0318B494E5003D4FB6 /* QTRAppDelegate.m */ = {isa = PBXFileReference; lastKnownFileType = sourcecode.c.objc; path = QTRAppDelegate.m; sourceTree = "<group>"; };
		FA283F0518B494E5003D4FB6 /* Images.xcassets */ = {isa = PBXFileReference; lastKnownFileType = folder.assetcatalog; path = Images.xcassets; sourceTree = "<group>"; };
		FA283F0B18B494E5003D4FB6 /* QuickTransfer-iOSTests.xctest */ = {isa = PBXFileReference; explicitFileType = wrapper.cfbundle; includeInIndex = 0; path = "QuickTransfer-iOSTests.xctest"; sourceTree = BUILT_PRODUCTS_DIR; };
		FA283F1318B494E5003D4FB6 /* QuickTransfer-iOSTests-Info.plist */ = {isa = PBXFileReference; lastKnownFileType = text.plist.xml; path = "QuickTransfer-iOSTests-Info.plist"; sourceTree = "<group>"; };
		FA283F1518B494E5003D4FB6 /* en */ = {isa = PBXFileReference; lastKnownFileType = text.plist.strings; name = en; path = en.lproj/InfoPlist.strings; sourceTree = "<group>"; };
		FA283F1718B494E5003D4FB6 /* QuickTransfer_iOSTests.m */ = {isa = PBXFileReference; lastKnownFileType = sourcecode.c.objc; path = QuickTransfer_iOSTests.m; sourceTree = "<group>"; };
		FA283F2818B49BA8003D4FB6 /* QTRFile.h */ = {isa = PBXFileReference; fileEncoding = 4; lastKnownFileType = sourcecode.c.h; path = QTRFile.h; sourceTree = "<group>"; };
		FA283F2918B49BA8003D4FB6 /* QTRFile.m */ = {isa = PBXFileReference; fileEncoding = 4; lastKnownFileType = sourcecode.c.objc; path = QTRFile.m; sourceTree = "<group>"; };
		FA283F3818B5BD9F003D4FB6 /* QTRConnectedDevicesView.h */ = {isa = PBXFileReference; fileEncoding = 4; lastKnownFileType = sourcecode.c.h; path = QTRConnectedDevicesView.h; sourceTree = "<group>"; };
		FA283F3918B5BD9F003D4FB6 /* QTRConnectedDevicesView.m */ = {isa = PBXFileReference; fileEncoding = 4; lastKnownFileType = sourcecode.c.objc; path = QTRConnectedDevicesView.m; sourceTree = "<group>"; };
		FA283F3B18B5BE49003D4FB6 /* QTRConnectedDevicesViewController.h */ = {isa = PBXFileReference; fileEncoding = 4; lastKnownFileType = sourcecode.c.h; path = QTRConnectedDevicesViewController.h; sourceTree = "<group>"; };
		FA283F3C18B5BE49003D4FB6 /* QTRConnectedDevicesViewController.m */ = {isa = PBXFileReference; fileEncoding = 4; lastKnownFileType = sourcecode.c.objc; path = QTRConnectedDevicesViewController.m; sourceTree = "<group>"; };
		FA38B29118BDCFA4003BB8E5 /* QTRStatusItemView.h */ = {isa = PBXFileReference; fileEncoding = 4; lastKnownFileType = sourcecode.c.h; path = QTRStatusItemView.h; sourceTree = "<group>"; };
		FA38B29218BDCFA4003BB8E5 /* QTRStatusItemView.m */ = {isa = PBXFileReference; fileEncoding = 4; lastKnownFileType = sourcecode.c.objc; path = QTRStatusItemView.m; sourceTree = "<group>"; };
		FA3ACDB418C0577A00889FBC /* QTRTransfersTableCellView.h */ = {isa = PBXFileReference; fileEncoding = 4; lastKnownFileType = sourcecode.c.h; path = QTRTransfersTableCellView.h; sourceTree = "<group>"; };
		FA3ACDB518C0577A00889FBC /* QTRTransfersTableCellView.m */ = {isa = PBXFileReference; fileEncoding = 4; lastKnownFileType = sourcecode.c.objc; path = QTRTransfersTableCellView.m; sourceTree = "<group>"; };
		FA40A09118FBFB2200FFE344 /* QuickLook.framework */ = {isa = PBXFileReference; lastKnownFileType = wrapper.framework; name = QuickLook.framework; path = System/Library/Frameworks/QuickLook.framework; sourceTree = SDKROOT; };
		FA40A09318FBFBE800FFE344 /* Quartz.framework */ = {isa = PBXFileReference; lastKnownFileType = wrapper.framework; name = Quartz.framework; path = System/Library/Frameworks/Quartz.framework; sourceTree = SDKROOT; };
		FA5911E71C0570610057928C /* QTRFileZipper.h */ = {isa = PBXFileReference; fileEncoding = 4; lastKnownFileType = sourcecode.c.h; path = QTRFileZipper.h; sourceTree = "<group>"; };
		FA5911E81C0570610057928C /* QTRFileZipper.m */ = {isa = PBXFileReference; fileEncoding = 4; lastKnownFileType = sourcecode.c.objc; path = QTRFileZipper.m; sourceTree = "<group>"; };
		FA5911EE1C057F0F0057928C /* QTRDraggedItem.h */ = {isa = PBXFileReference; fileEncoding = 4; lastKnownFileType = sourcecode.c.h; path = QTRDraggedItem.h; sourceTree = "<group>"; };
		FA5911EF1C057F0F0057928C /* QTRDraggedItem.m */ = {isa = PBXFileReference; fileEncoding = 4; lastKnownFileType = sourcecode.c.objc; path = QTRDraggedItem.m; sourceTree = "<group>"; };
		FA59121E1C0583520057928C /* QuickTransfer copy.app */ = {isa = PBXFileReference; explicitFileType = wrapper.application; includeInIndex = 0; path = "QuickTransfer copy.app"; sourceTree = BUILT_PRODUCTS_DIR; };
		FA59121F1C0583520057928C /* QuickTransfer copy2-Info.plist */ = {isa = PBXFileReference; lastKnownFileType = text.plist.xml; name = "QuickTransfer copy2-Info.plist"; path = "/Users/harshad/Documents/Development/Cocoa/QuickTransfer/QuickTransfer copy2-Info.plist"; sourceTree = "<absolute>"; };
		FA6DA6B518C453E30097742B /* QTRMultipartTransfer.h */ = {isa = PBXFileReference; fileEncoding = 4; lastKnownFileType = sourcecode.c.h; path = QTRMultipartTransfer.h; sourceTree = "<group>"; };
		FA6DA6B618C453E30097742B /* QTRMultipartTransfer.m */ = {isa = PBXFileReference; fileEncoding = 4; lastKnownFileType = sourcecode.c.objc; path = QTRMultipartTransfer.m; sourceTree = "<group>"; };
		FA6DA6B918C5C2BC0097742B /* QTRMultipartWriter.h */ = {isa = PBXFileReference; fileEncoding = 4; lastKnownFileType = sourcecode.c.h; path = QTRMultipartWriter.h; sourceTree = "<group>"; };
		FA6DA6BA18C5C2BC0097742B /* QTRMultipartWriter.m */ = {isa = PBXFileReference; fileEncoding = 4; lastKnownFileType = sourcecode.c.objc; path = QTRMultipartWriter.m; sourceTree = "<group>"; };
		FA96D09A18FBDFCC000085DC /* QuartzCore.framework */ = {isa = PBXFileReference; lastKnownFileType = wrapper.framework; name = QuartzCore.framework; path = Platforms/iPhoneOS.platform/Developer/SDKs/iPhoneOS7.0.sdk/System/Library/Frameworks/QuartzCore.framework; sourceTree = DEVELOPER_DIR; };
		FA96D09C18FBF335000085DC /* QuickLook.framework */ = {isa = PBXFileReference; lastKnownFileType = wrapper.framework; name = QuickLook.framework; path = Platforms/iPhoneOS.platform/Developer/SDKs/iPhoneOS7.0.sdk/System/Library/Frameworks/QuickLook.framework; sourceTree = DEVELOPER_DIR; };
		FAAC781718EE80A30006B698 /* QTRTransfersViewController.h */ = {isa = PBXFileReference; fileEncoding = 4; lastKnownFileType = sourcecode.c.h; path = QTRTransfersViewController.h; sourceTree = "<group>"; };
		FAAC781818EE80A30006B698 /* QTRTransfersViewController.m */ = {isa = PBXFileReference; fileEncoding = 4; lastKnownFileType = sourcecode.c.objc; path = QTRTransfersViewController.m; sourceTree = "<group>"; };
		FAAC781A18EE884C0006B698 /* QTRTransfersTableCell.h */ = {isa = PBXFileReference; fileEncoding = 4; lastKnownFileType = sourcecode.c.h; path = QTRTransfersTableCell.h; sourceTree = "<group>"; };
		FAAC781B18EE884C0006B698 /* QTRTransfersTableCell.m */ = {isa = PBXFileReference; fileEncoding = 4; lastKnownFileType = sourcecode.c.objc; path = QTRTransfersTableCell.m; sourceTree = "<group>"; };
		FAD009C518D83CDF0014DCC5 /* CoreBluetooth.framework */ = {isa = PBXFileReference; lastKnownFileType = wrapper.framework; name = CoreBluetooth.framework; path = Platforms/iPhoneOS.platform/Developer/SDKs/iPhoneOS7.0.sdk/System/Library/Frameworks/CoreBluetooth.framework; sourceTree = DEVELOPER_DIR; };
		FAD009C818D840AD0014DCC5 /* QTRBeaconHelper.h */ = {isa = PBXFileReference; fileEncoding = 4; lastKnownFileType = sourcecode.c.h; path = QTRBeaconHelper.h; sourceTree = "<group>"; };
		FAD009C918D840AD0014DCC5 /* QTRBeaconHelper.m */ = {isa = PBXFileReference; fileEncoding = 4; lastKnownFileType = sourcecode.c.objc; path = QTRBeaconHelper.m; sourceTree = "<group>"; };
		FAD009CE18D84AC50014DCC5 /* CoreLocation.framework */ = {isa = PBXFileReference; lastKnownFileType = wrapper.framework; name = CoreLocation.framework; path = Platforms/iPhoneOS.platform/Developer/SDKs/iPhoneOS7.0.sdk/System/Library/Frameworks/CoreLocation.framework; sourceTree = DEVELOPER_DIR; };
		FAD9000118B33CA80098DA76 /* QuickTransferTests.m */ = {isa = PBXFileReference; lastKnownFileType = sourcecode.c.objc; path = QuickTransferTests.m; sourceTree = "<group>"; };
		FAD9001318B33F010098DA76 /* DTBonjourDataChunk.h */ = {isa = PBXFileReference; fileEncoding = 4; lastKnownFileType = sourcecode.c.h; path = DTBonjourDataChunk.h; sourceTree = "<group>"; };
		FAD9001418B33F010098DA76 /* DTBonjourDataChunk.m */ = {isa = PBXFileReference; fileEncoding = 4; lastKnownFileType = sourcecode.c.objc; path = DTBonjourDataChunk.m; sourceTree = "<group>"; };
		FAD9001518B33F010098DA76 /* DTBonjourDataConnection.h */ = {isa = PBXFileReference; fileEncoding = 4; lastKnownFileType = sourcecode.c.h; path = DTBonjourDataConnection.h; sourceTree = "<group>"; };
		FAD9001618B33F010098DA76 /* DTBonjourDataConnection.m */ = {isa = PBXFileReference; fileEncoding = 4; lastKnownFileType = sourcecode.c.objc; path = DTBonjourDataConnection.m; sourceTree = "<group>"; };
		FAD9001718B33F010098DA76 /* DTBonjourServer.h */ = {isa = PBXFileReference; fileEncoding = 4; lastKnownFileType = sourcecode.c.h; path = DTBonjourServer.h; sourceTree = "<group>"; };
		FAD9001818B33F010098DA76 /* DTBonjourServer.m */ = {isa = PBXFileReference; fileEncoding = 4; lastKnownFileType = sourcecode.c.objc; path = DTBonjourServer.m; sourceTree = "<group>"; };
		FAD9001918B33F010098DA76 /* NSScanner+DTBonjour.h */ = {isa = PBXFileReference; fileEncoding = 4; lastKnownFileType = sourcecode.c.h; path = "NSScanner+DTBonjour.h"; sourceTree = "<group>"; };
		FAD9001A18B33F010098DA76 /* NSScanner+DTBonjour.m */ = {isa = PBXFileReference; fileEncoding = 4; lastKnownFileType = sourcecode.c.objc; path = "NSScanner+DTBonjour.m"; sourceTree = "<group>"; };
		FAD9001F18B3458B0098DA76 /* QTRRootController.h */ = {isa = PBXFileReference; fileEncoding = 4; lastKnownFileType = sourcecode.c.h; path = QTRRootController.h; sourceTree = "<group>"; };
		FAD9002018B3458B0098DA76 /* QTRRootController.m */ = {isa = PBXFileReference; fileEncoding = 4; lastKnownFileType = sourcecode.c.objc; path = QTRRootController.m; sourceTree = "<group>"; };
		FAD9002618B34DEF0098DA76 /* QTRBonjourServer.h */ = {isa = PBXFileReference; fileEncoding = 4; lastKnownFileType = sourcecode.c.h; path = QTRBonjourServer.h; sourceTree = "<group>"; };
		FAD9002718B34DEF0098DA76 /* QTRBonjourServer.m */ = {isa = PBXFileReference; fileEncoding = 4; lastKnownFileType = sourcecode.c.objc; path = QTRBonjourServer.m; sourceTree = "<group>"; };
		FAD9002918B3515A0098DA76 /* QTRBonjourClient.h */ = {isa = PBXFileReference; fileEncoding = 4; lastKnownFileType = sourcecode.c.h; path = QTRBonjourClient.h; sourceTree = "<group>"; };
		FAD9002A18B3515A0098DA76 /* QTRBonjourClient.m */ = {isa = PBXFileReference; fileEncoding = 4; lastKnownFileType = sourcecode.c.objc; path = QTRBonjourClient.m; sourceTree = "<group>"; };
		FAD9002C18B351DE0098DA76 /* QTRConstants.h */ = {isa = PBXFileReference; fileEncoding = 4; lastKnownFileType = sourcecode.c.h; path = QTRConstants.h; sourceTree = "<group>"; };
		FAD9002D18B351DE0098DA76 /* QTRConstants.m */ = {isa = PBXFileReference; fileEncoding = 4; lastKnownFileType = sourcecode.c.objc; path = QTRConstants.m; sourceTree = "<group>"; };
		FAD9002F18B3534A0098DA76 /* QTRMessage.h */ = {isa = PBXFileReference; fileEncoding = 4; lastKnownFileType = sourcecode.c.h; path = QTRMessage.h; sourceTree = "<group>"; };
		FAD9003018B3534A0098DA76 /* QTRMessage.m */ = {isa = PBXFileReference; fileEncoding = 4; lastKnownFileType = sourcecode.c.objc; path = QTRMessage.m; sourceTree = "<group>"; };
		FAD9003218B3630F0098DA76 /* QTRUser.h */ = {isa = PBXFileReference; fileEncoding = 4; lastKnownFileType = sourcecode.c.h; path = QTRUser.h; sourceTree = "<group>"; };
		FAD9003318B3630F0098DA76 /* QTRUser.m */ = {isa = PBXFileReference; fileEncoding = 4; lastKnownFileType = sourcecode.c.objc; path = QTRUser.m; sourceTree = "<group>"; };
		FAD9003518B368BA0098DA76 /* QTRBonjourServerDelegate.h */ = {isa = PBXFileReference; fileEncoding = 4; lastKnownFileType = sourcecode.c.h; path = QTRBonjourServerDelegate.h; sourceTree = "<group>"; };
		FAD9003618B3740E0098DA76 /* QTRBonjourClientDelegate.h */ = {isa = PBXFileReference; fileEncoding = 4; lastKnownFileType = sourcecode.c.h; path = QTRBonjourClientDelegate.h; sourceTree = "<group>"; };
		FAD9FFD418B33CA70098DA76 /* QuickTransfer.app */ = {isa = PBXFileReference; explicitFileType = wrapper.application; includeInIndex = 0; path = QuickTransfer.app; sourceTree = BUILT_PRODUCTS_DIR; };
		FAD9FFD718B33CA70098DA76 /* Cocoa.framework */ = {isa = PBXFileReference; lastKnownFileType = wrapper.framework; name = Cocoa.framework; path = System/Library/Frameworks/Cocoa.framework; sourceTree = SDKROOT; };
		FAD9FFDA18B33CA70098DA76 /* AppKit.framework */ = {isa = PBXFileReference; lastKnownFileType = wrapper.framework; name = AppKit.framework; path = System/Library/Frameworks/AppKit.framework; sourceTree = SDKROOT; };
		FAD9FFDB18B33CA70098DA76 /* CoreData.framework */ = {isa = PBXFileReference; lastKnownFileType = wrapper.framework; name = CoreData.framework; path = System/Library/Frameworks/CoreData.framework; sourceTree = SDKROOT; };
		FAD9FFDC18B33CA70098DA76 /* Foundation.framework */ = {isa = PBXFileReference; lastKnownFileType = wrapper.framework; name = Foundation.framework; path = System/Library/Frameworks/Foundation.framework; sourceTree = SDKROOT; };
		FAD9FFDF18B33CA70098DA76 /* QuickTransfer-Info.plist */ = {isa = PBXFileReference; lastKnownFileType = text.plist.xml; path = "QuickTransfer-Info.plist"; sourceTree = "<group>"; };
		FAD9FFE118B33CA70098DA76 /* en */ = {isa = PBXFileReference; lastKnownFileType = text.plist.strings; name = en; path = en.lproj/InfoPlist.strings; sourceTree = "<group>"; };
		FAD9FFE318B33CA70098DA76 /* main.m */ = {isa = PBXFileReference; lastKnownFileType = sourcecode.c.objc; path = main.m; sourceTree = "<group>"; };
		FAD9FFE518B33CA70098DA76 /* QuickTransfer-Prefix.pch */ = {isa = PBXFileReference; lastKnownFileType = sourcecode.c.h; path = "QuickTransfer-Prefix.pch"; sourceTree = "<group>"; };
		FAD9FFE718B33CA70098DA76 /* en */ = {isa = PBXFileReference; lastKnownFileType = text.rtf; name = en; path = en.lproj/Credits.rtf; sourceTree = "<group>"; };
		FAD9FFE918B33CA70098DA76 /* QTRAppDelegate.h */ = {isa = PBXFileReference; lastKnownFileType = sourcecode.c.h; path = QTRAppDelegate.h; sourceTree = "<group>"; };
		FAD9FFEA18B33CA70098DA76 /* QTRAppDelegate.m */ = {isa = PBXFileReference; lastKnownFileType = sourcecode.c.objc; path = QTRAppDelegate.m; sourceTree = "<group>"; };
		FAD9FFED18B33CA80098DA76 /* Base */ = {isa = PBXFileReference; lastKnownFileType = file.xib; name = Base; path = Base.lproj/MainMenu.xib; sourceTree = "<group>"; };
		FAD9FFEF18B33CA80098DA76 /* Images.xcassets */ = {isa = PBXFileReference; lastKnownFileType = folder.assetcatalog; path = Images.xcassets; sourceTree = "<group>"; };
		FAD9FFF518B33CA80098DA76 /* QuickTransferTests.xctest */ = {isa = PBXFileReference; explicitFileType = wrapper.cfbundle; includeInIndex = 0; path = QuickTransferTests.xctest; sourceTree = BUILT_PRODUCTS_DIR; };
		FAD9FFF618B33CA80098DA76 /* XCTest.framework */ = {isa = PBXFileReference; lastKnownFileType = wrapper.framework; name = XCTest.framework; path = Library/Frameworks/XCTest.framework; sourceTree = DEVELOPER_DIR; };
		FAD9FFFD18B33CA80098DA76 /* QuickTransferTests-Info.plist */ = {isa = PBXFileReference; lastKnownFileType = text.plist.xml; path = "QuickTransferTests-Info.plist"; sourceTree = "<group>"; };
		FAD9FFFF18B33CA80098DA76 /* en */ = {isa = PBXFileReference; lastKnownFileType = text.plist.strings; name = en; path = en.lproj/InfoPlist.strings; sourceTree = "<group>"; };
		FADEB05518F53177002F1C00 /* QTRHelper.h */ = {isa = PBXFileReference; fileEncoding = 4; lastKnownFileType = sourcecode.c.h; path = QTRHelper.h; sourceTree = "<group>"; };
		FADEB05618F53177002F1C00 /* QTRHelper.m */ = {isa = PBXFileReference; fileEncoding = 4; lastKnownFileType = sourcecode.c.objc; path = QTRHelper.m; sourceTree = "<group>"; };
		FADEB05918F5577E002F1C00 /* QTRRootViewController.h */ = {isa = PBXFileReference; fileEncoding = 4; lastKnownFileType = sourcecode.c.h; path = QTRRootViewController.h; sourceTree = "<group>"; };
		FADEB05A18F5577E002F1C00 /* QTRRootViewController.m */ = {isa = PBXFileReference; fileEncoding = 4; lastKnownFileType = sourcecode.c.objc; path = QTRRootViewController.m; sourceTree = "<group>"; };
		FADEB05D18F56202002F1C00 /* QTRTransfersStore.h */ = {isa = PBXFileReference; fileEncoding = 4; lastKnownFileType = sourcecode.c.h; path = QTRTransfersStore.h; sourceTree = "<group>"; };
		FADEB05E18F56202002F1C00 /* QTRTransfersStore.m */ = {isa = PBXFileReference; fileEncoding = 4; lastKnownFileType = sourcecode.c.objc; path = QTRTransfersStore.m; sourceTree = "<group>"; };
		FADEB06018F562DA002F1C00 /* QTRTransfersStoreDelegate.h */ = {isa = PBXFileReference; fileEncoding = 4; lastKnownFileType = sourcecode.c.h; path = QTRTransfersStoreDelegate.h; sourceTree = "<group>"; };
		FAEB335718CDB55C00EA5993 /* QuickTransfer copy-Info.plist */ = {isa = PBXFileReference; lastKnownFileType = text.plist.xml; name = "QuickTransfer copy-Info.plist"; path = "/Users/harshad/Documents/Development/Cocoa/QuickTransfer/QuickTransfer copy-Info.plist"; sourceTree = "<absolute>"; };
		FAEB335818CEE4ED00EA5993 /* QuartzCore.framework */ = {isa = PBXFileReference; lastKnownFileType = wrapper.framework; name = QuartzCore.framework; path = System/Library/Frameworks/QuartzCore.framework; sourceTree = SDKROOT; };
		FAEB336D18DADE7A0053620B /* IOBluetooth.framework */ = {isa = PBXFileReference; lastKnownFileType = wrapper.framework; name = IOBluetooth.framework; path = System/Library/Frameworks/IOBluetooth.framework; sourceTree = SDKROOT; };
/* End PBXFileReference section */

/* Begin PBXFrameworksBuildPhase section */
		FA283EEF18B494E5003D4FB6 /* Frameworks */ = {
			isa = PBXFrameworksBuildPhase;
			buildActionMask = 2147483647;
			files = (
				FA96D09D18FBF335000085DC /* QuickLook.framework in Frameworks */,
				FA96D09B18FBDFCC000085DC /* QuartzCore.framework in Frameworks */,
				FAD009CF18D84AC50014DCC5 /* CoreLocation.framework in Frameworks */,
				FAD009CD18D840CC0014DCC5 /* CoreBluetooth.framework in Frameworks */,
				590C41B118D2E3A80073F160 /* AssetsLibrary.framework in Frameworks */,
				590C41AF18D2C6320073F160 /* MobileCoreServices.framework in Frameworks */,
				FA283EF618B494E5003D4FB6 /* CoreGraphics.framework in Frameworks */,
				FA283EF818B494E5003D4FB6 /* UIKit.framework in Frameworks */,
				FA283EF418B494E5003D4FB6 /* Foundation.framework in Frameworks */,
			);
			runOnlyForDeploymentPostprocessing = 0;
		};
		FA283F0818B494E5003D4FB6 /* Frameworks */ = {
			isa = PBXFrameworksBuildPhase;
			buildActionMask = 2147483647;
			files = (
				FA283F0C18B494E5003D4FB6 /* XCTest.framework in Frameworks */,
				FA283F0E18B494E5003D4FB6 /* UIKit.framework in Frameworks */,
				FA283F0D18B494E5003D4FB6 /* Foundation.framework in Frameworks */,
			);
			runOnlyForDeploymentPostprocessing = 0;
		};
		FA59120F1C0583520057928C /* Frameworks */ = {
			isa = PBXFrameworksBuildPhase;
			buildActionMask = 2147483647;
			files = (
				FA5912101C0583520057928C /* Quartz.framework in Frameworks */,
				FA5912111C0583520057928C /* QuickLook.framework in Frameworks */,
				FA5912121C0583520057928C /* IOBluetooth.framework in Frameworks */,
				FA5912131C0583520057928C /* QuartzCore.framework in Frameworks */,
				FA5912141C0583520057928C /* Cocoa.framework in Frameworks */,
			);
			runOnlyForDeploymentPostprocessing = 0;
		};
		FAD9FFD118B33CA70098DA76 /* Frameworks */ = {
			isa = PBXFrameworksBuildPhase;
			buildActionMask = 2147483647;
			files = (
				FA40A09418FBFBE800FFE344 /* Quartz.framework in Frameworks */,
				FA40A09218FBFB2200FFE344 /* QuickLook.framework in Frameworks */,
				FAEB336E18DADE7A0053620B /* IOBluetooth.framework in Frameworks */,
				FAEB335918CEE4ED00EA5993 /* QuartzCore.framework in Frameworks */,
				FAD9FFD818B33CA70098DA76 /* Cocoa.framework in Frameworks */,
			);
			runOnlyForDeploymentPostprocessing = 0;
		};
		FAD9FFF218B33CA80098DA76 /* Frameworks */ = {
			isa = PBXFrameworksBuildPhase;
			buildActionMask = 2147483647;
			files = (
				FAD9FFF818B33CA80098DA76 /* Cocoa.framework in Frameworks */,
				FAD9FFF718B33CA80098DA76 /* XCTest.framework in Frameworks */,
			);
			runOnlyForDeploymentPostprocessing = 0;
		};
/* End PBXFrameworksBuildPhase section */

/* Begin PBXGroup section */
		072BE7501C0D8DB700798AC1 /* IconImages */ = {
			isa = PBXGroup;
			children = (
				072BE7471C0D809700798AC1 /* windowsIcon.xcassets */,
				072BE7451C0D808500798AC1 /* linuxIcon.xcassets */,
				072BE7411C0D804A00798AC1 /* AndroidIcon.xcassets */,
				072BE73F1C0D803500798AC1 /* macIcon.xcassets */,
				0702818F1C0CA05400125F35 /* iPhoneIcon.xcassets */,
				07E742371C0751410084388C /* Launch Screen.storyboard */,
				07D5DB211C0D69F0005C2EC2 /* Gallery_placeholder.png */,
				072BE74C1C0D8AE700798AC1 /* defaultIcon.xcassets */,
				07B308361C0ECD2800A889BF /* selected_image.xcassets */,
				07B3083B1C0EDC6300A889BF /* Button_back.xcassets */,
			);
			name = IconImages;
			sourceTree = "<group>";
		};
		07BB981E1C102E9200AF7F7C /* ModelData */ = {
			isa = PBXGroup;
			children = (
				07BB981B1C100B9500AF7F7C /* QTRImagesInfoData.h */,
				07BB981C1C100B9500AF7F7C /* QTRImagesInfoData.m */,
				07BB981F1C102EC600AF7F7C /* QTRSelectedUserInfo.h */,
				07BB98201C102EC600AF7F7C /* QTRSelectedUserInfo.m */,
			);
			name = ModelData;
			sourceTree = "<group>";
		};
		07CB1B5D1C0612EF00E3C02D /* SplashScreen */ = {
			isa = PBXGroup;
			children = (
			);
			name = SplashScreen;
			sourceTree = "<group>";
		};
		FA283EF918B494E5003D4FB6 /* QuickTransfer-iOS */ = {
			isa = PBXGroup;
			children = (
				FA283F3318B5BD73003D4FB6 /* Classes */,
				FA283F0218B494E5003D4FB6 /* QTRAppDelegate.h */,
				FA283F0318B494E5003D4FB6 /* QTRAppDelegate.m */,
				FA283F0518B494E5003D4FB6 /* Images.xcassets */,
				07D4A2E11C0821E0006F93E6 /* settingIcon.png */,
				FA283EFA18B494E5003D4FB6 /* Supporting Files */,
			);
			path = "QuickTransfer-iOS";
			sourceTree = "<group>";
		};
		FA283EFA18B494E5003D4FB6 /* Supporting Files */ = {
			isa = PBXGroup;
			children = (
				FA283EFB18B494E5003D4FB6 /* QuickTransfer-iOS-Info.plist */,
				FA283EFC18B494E5003D4FB6 /* InfoPlist.strings */,
				FA283EFF18B494E5003D4FB6 /* main.m */,
				FA283F0118B494E5003D4FB6 /* QuickTransfer-iOS-Prefix.pch */,
			);
			name = "Supporting Files";
			sourceTree = "<group>";
		};
		FA283F1118B494E5003D4FB6 /* QuickTransfer-iOSTests */ = {
			isa = PBXGroup;
			children = (
				FA283F1718B494E5003D4FB6 /* QuickTransfer_iOSTests.m */,
				FA283F1218B494E5003D4FB6 /* Supporting Files */,
			);
			path = "QuickTransfer-iOSTests";
			sourceTree = "<group>";
		};
		FA283F1218B494E5003D4FB6 /* Supporting Files */ = {
			isa = PBXGroup;
			children = (
				FA283F1318B494E5003D4FB6 /* QuickTransfer-iOSTests-Info.plist */,
				FA283F1418B494E5003D4FB6 /* InfoPlist.strings */,
			);
			name = "Supporting Files";
			sourceTree = "<group>";
		};
		FA283F3318B5BD73003D4FB6 /* Classes */ = {
			isa = PBXGroup;
			children = (
				07BB981E1C102E9200AF7F7C /* ModelData */,
				FA283F3418B5BD73003D4FB6 /* Controllers */,
				FA283F3518B5BD73003D4FB6 /* Model */,
				FA283F3618B5BD73003D4FB6 /* Other */,
				FA283F3718B5BD73003D4FB6 /* Views */,
			);
			path = Classes;
			sourceTree = "<group>";
		};
		FA283F3418B5BD73003D4FB6 /* Controllers */ = {
			isa = PBXGroup;
			children = (
				FA283F3B18B5BE49003D4FB6 /* QTRConnectedDevicesViewController.h */,
				FA283F3C18B5BE49003D4FB6 /* QTRConnectedDevicesViewController.m */,
				FAAC781718EE80A30006B698 /* QTRTransfersViewController.h */,
				FAAC781818EE80A30006B698 /* QTRTransfersViewController.m */,
				FADEB05918F5577E002F1C00 /* QTRRootViewController.h */,
				FADEB05A18F5577E002F1C00 /* QTRRootViewController.m */,
				07E7422C1C0717490084388C /* QTRShowGalleryViewController.h */,
				07E7422D1C0717490084388C /* QTRShowGalleryViewController.m */,
			);
			path = Controllers;
			sourceTree = "<group>";
		};
		FA283F3518B5BD73003D4FB6 /* Model */ = {
			isa = PBXGroup;
			children = (
			);
			path = Model;
			sourceTree = "<group>";
		};
		FA283F3618B5BD73003D4FB6 /* Other */ = {
			isa = PBXGroup;
			children = (
			);
			path = Other;
			sourceTree = "<group>";
		};
		FA283F3718B5BD73003D4FB6 /* Views */ = {
			isa = PBXGroup;
			children = (
				FA283F3818B5BD9F003D4FB6 /* QTRConnectedDevicesView.h */,
				FA283F3918B5BD9F003D4FB6 /* QTRConnectedDevicesView.m */,
				07E7422F1C07390B0084388C /* QTRGalleryImagesView.h */,
				07E742301C07390B0084388C /* QTRGalleryImagesView.m */,
				FAAC781A18EE884C0006B698 /* QTRTransfersTableCell.h */,
				FAAC781B18EE884C0006B698 /* QTRTransfersTableCell.m */,
				07EE54671C047B550092C913 /* QTRHomeCollectionViewCell.h */,
				07EE54681C047B550092C913 /* QTRHomeCollectionViewCell.m */,
				07E742321C073BE80084388C /* QTRGalleryCollectionViewCell.h */,
				07E742331C073BE80084388C /* QTRGalleryCollectionViewCell.m */,
				07D4A2E61C0848F0006F93E6 /* QTRRightBarButtonView.h */,
				07D4A2E71C0848F0006F93E6 /* QTRRightBarButtonView.m */,
				07D4A2E91C086AD4006F93E6 /* QTRActionSheetGalleryView.h */,
				07D4A2EA1C086AD4006F93E6 /* QTRActionSheetGalleryView.m */,
				07D4A2F21C088D5F006F93E6 /* QTRAlertControllerCollectionViewCell.h */,
				07D4A2F31C088D5F006F93E6 /* QTRAlertControllerCollectionViewCell.m */,
			);
			path = Views;
			sourceTree = "<group>";
		};
		FAD009C718D840910014DCC5 /* Bluetooth */ = {
			isa = PBXGroup;
			children = (
				FAD009C818D840AD0014DCC5 /* QTRBeaconHelper.h */,
				FAD009C918D840AD0014DCC5 /* QTRBeaconHelper.m */,
			);
			path = Bluetooth;
			sourceTree = "<group>";
		};
		FAD9000B18B33EE30098DA76 /* Classes */ = {
			isa = PBXGroup;
			children = (
				FAD9002418B34DDB0098DA76 /* Networking */,
				FAD9000C18B33EE30098DA76 /* Controllers */,
				FAD9000D18B33EE30098DA76 /* Model */,
				FAD9000E18B33EE30098DA76 /* Other */,
				FAD9000F18B33EE30098DA76 /* Views */,
			);
			path = Classes;
			sourceTree = "<group>";
		};
		FAD9000C18B33EE30098DA76 /* Controllers */ = {
			isa = PBXGroup;
			children = (
				FAD9001F18B3458B0098DA76 /* QTRRootController.h */,
				FAD9002018B3458B0098DA76 /* QTRRootController.m */,
				FA12BB0518BF29320030911F /* QTRTransfersController.h */,
				FA12BB0618BF29320030911F /* QTRTransfersController.m */,
				FADEB05D18F56202002F1C00 /* QTRTransfersStore.h */,
				FADEB05E18F56202002F1C00 /* QTRTransfersStore.m */,
				FADEB06018F562DA002F1C00 /* QTRTransfersStoreDelegate.h */,
			);
			path = Controllers;
			sourceTree = "<group>";
		};
		FAD9000D18B33EE30098DA76 /* Model */ = {
			isa = PBXGroup;
			children = (
				FAD9002F18B3534A0098DA76 /* QTRMessage.h */,
				FAD9003018B3534A0098DA76 /* QTRMessage.m */,
				FAD9003218B3630F0098DA76 /* QTRUser.h */,
				FAD9003318B3630F0098DA76 /* QTRUser.m */,
				FA283F2818B49BA8003D4FB6 /* QTRFile.h */,
				FA283F2918B49BA8003D4FB6 /* QTRFile.m */,
				FA12BB0118BF06000030911F /* QTRTransfer.h */,
				FA12BB0218BF06000030911F /* QTRTransfer.m */,
				FA6DA6B518C453E30097742B /* QTRMultipartTransfer.h */,
				FA6DA6B618C453E30097742B /* QTRMultipartTransfer.m */,
				FA6DA6B918C5C2BC0097742B /* QTRMultipartWriter.h */,
				FA6DA6BA18C5C2BC0097742B /* QTRMultipartWriter.m */,
				FA5911E71C0570610057928C /* QTRFileZipper.h */,
				FA5911E81C0570610057928C /* QTRFileZipper.m */,
				FA5911EE1C057F0F0057928C /* QTRDraggedItem.h */,
				FA5911EF1C057F0F0057928C /* QTRDraggedItem.m */,
			);
			path = Model;
			sourceTree = "<group>";
		};
		FAD9000E18B33EE30098DA76 /* Other */ = {
			isa = PBXGroup;
			children = (
				FAD9002C18B351DE0098DA76 /* QTRConstants.h */,
				FAD9002D18B351DE0098DA76 /* QTRConstants.m */,
				FADEB05518F53177002F1C00 /* QTRHelper.h */,
				FADEB05618F53177002F1C00 /* QTRHelper.m */,
			);
			path = Other;
			sourceTree = "<group>";
		};
		FAD9000F18B33EE30098DA76 /* Views */ = {
			isa = PBXGroup;
			children = (
				FA38B29118BDCFA4003BB8E5 /* QTRStatusItemView.h */,
				FA38B29218BDCFA4003BB8E5 /* QTRStatusItemView.m */,
				FA3ACDB418C0577A00889FBC /* QTRTransfersTableCellView.h */,
				FA3ACDB518C0577A00889FBC /* QTRTransfersTableCellView.m */,
			);
			path = Views;
			sourceTree = "<group>";
		};
		FAD9001018B33F010098DA76 /* ThirdParty */ = {
			isa = PBXGroup;
			children = (
				FAD9001118B33F010098DA76 /* DTBonjour */,
			);
			path = ThirdParty;
			sourceTree = "<group>";
		};
		FAD9001118B33F010098DA76 /* DTBonjour */ = {
			isa = PBXGroup;
			children = (
				FAD9001218B33F010098DA76 /* Source */,
			);
			path = DTBonjour;
			sourceTree = "<group>";
		};
		FAD9001218B33F010098DA76 /* Source */ = {
			isa = PBXGroup;
			children = (
				FAD9001318B33F010098DA76 /* DTBonjourDataChunk.h */,
				FAD9001418B33F010098DA76 /* DTBonjourDataChunk.m */,
				FAD9001518B33F010098DA76 /* DTBonjourDataConnection.h */,
				FAD9001618B33F010098DA76 /* DTBonjourDataConnection.m */,
				FAD9001718B33F010098DA76 /* DTBonjourServer.h */,
				FAD9001818B33F010098DA76 /* DTBonjourServer.m */,
				FAD9001918B33F010098DA76 /* NSScanner+DTBonjour.h */,
				FAD9001A18B33F010098DA76 /* NSScanner+DTBonjour.m */,
			);
			path = Source;
			sourceTree = "<group>";
		};
		FAD9002418B34DDB0098DA76 /* Networking */ = {
			isa = PBXGroup;
			children = (
				FAD009C718D840910014DCC5 /* Bluetooth */,
				FAD9002518B34DDB0098DA76 /* Bonjour */,
			);
			path = Networking;
			sourceTree = "<group>";
		};
		FAD9002518B34DDB0098DA76 /* Bonjour */ = {
			isa = PBXGroup;
			children = (
				FAD9002618B34DEF0098DA76 /* QTRBonjourServer.h */,
				FAD9002718B34DEF0098DA76 /* QTRBonjourServer.m */,
				FAD9002918B3515A0098DA76 /* QTRBonjourClient.h */,
				FAD9002A18B3515A0098DA76 /* QTRBonjourClient.m */,
				FAD9003518B368BA0098DA76 /* QTRBonjourServerDelegate.h */,
				FAD9003618B3740E0098DA76 /* QTRBonjourClientDelegate.h */,
				FA12BB0818BF3D190030911F /* QTRBonjourTransferDelegate.h */,
			);
			path = Bonjour;
			sourceTree = "<group>";
		};
		FAD9FFCB18B33CA70098DA76 = {
			isa = PBXGroup;
			children = (
				072BE7501C0D8DB700798AC1 /* IconImages */,
				FAD9001018B33F010098DA76 /* ThirdParty */,
				FAD9FFDD18B33CA70098DA76 /* QuickTransfer */,
				FAD9FFFB18B33CA80098DA76 /* QuickTransferTests */,
				FA283EF918B494E5003D4FB6 /* QuickTransfer-iOS */,
				FA283F1118B494E5003D4FB6 /* QuickTransfer-iOSTests */,
				07CB1B5D1C0612EF00E3C02D /* SplashScreen */,
				FAD9FFD618B33CA70098DA76 /* Frameworks */,
				FAD9FFD518B33CA70098DA76 /* Products */,
				FAEB335718CDB55C00EA5993 /* QuickTransfer copy-Info.plist */,
				FA59121F1C0583520057928C /* QuickTransfer copy2-Info.plist */,
			);
			sourceTree = "<group>";
		};
		FAD9FFD518B33CA70098DA76 /* Products */ = {
			isa = PBXGroup;
			children = (
				FAD9FFD418B33CA70098DA76 /* QuickTransfer.app */,
				FAD9FFF518B33CA80098DA76 /* QuickTransferTests.xctest */,
				FA283EF218B494E5003D4FB6 /* QuickTransfer-iOS.app */,
				FA283F0B18B494E5003D4FB6 /* QuickTransfer-iOSTests.xctest */,
				FA59121E1C0583520057928C /* QuickTransfer copy.app */,
			);
			name = Products;
			sourceTree = "<group>";
		};
		FAD9FFD618B33CA70098DA76 /* Frameworks */ = {
			isa = PBXGroup;
			children = (
				FA40A09318FBFBE800FFE344 /* Quartz.framework */,
				FA40A09118FBFB2200FFE344 /* QuickLook.framework */,
				FA96D09C18FBF335000085DC /* QuickLook.framework */,
				FA96D09A18FBDFCC000085DC /* QuartzCore.framework */,
				FAEB336D18DADE7A0053620B /* IOBluetooth.framework */,
				FAD009CE18D84AC50014DCC5 /* CoreLocation.framework */,
				FAD009C518D83CDF0014DCC5 /* CoreBluetooth.framework */,
				590C41B018D2E3A80073F160 /* AssetsLibrary.framework */,
				590C41AE18D2C6320073F160 /* MobileCoreServices.framework */,
				FAEB335818CEE4ED00EA5993 /* QuartzCore.framework */,
				FAD9FFD718B33CA70098DA76 /* Cocoa.framework */,
				FAD9FFF618B33CA80098DA76 /* XCTest.framework */,
				FA283EF318B494E5003D4FB6 /* Foundation.framework */,
				FA283EF518B494E5003D4FB6 /* CoreGraphics.framework */,
				FA283EF718B494E5003D4FB6 /* UIKit.framework */,
				FAD9FFD918B33CA70098DA76 /* Other Frameworks */,
			);
			name = Frameworks;
			sourceTree = "<group>";
		};
		FAD9FFD918B33CA70098DA76 /* Other Frameworks */ = {
			isa = PBXGroup;
			children = (
				FAD9FFDA18B33CA70098DA76 /* AppKit.framework */,
				FAD9FFDB18B33CA70098DA76 /* CoreData.framework */,
				FAD9FFDC18B33CA70098DA76 /* Foundation.framework */,
			);
			name = "Other Frameworks";
			sourceTree = "<group>";
		};
		FAD9FFDD18B33CA70098DA76 /* QuickTransfer */ = {
			isa = PBXGroup;
			children = (
				FAD9000B18B33EE30098DA76 /* Classes */,
				FAD9FFE918B33CA70098DA76 /* QTRAppDelegate.h */,
				FAD9FFEA18B33CA70098DA76 /* QTRAppDelegate.m */,
				FAD9FFEC18B33CA80098DA76 /* MainMenu.xib */,
				FAD9FFEF18B33CA80098DA76 /* Images.xcassets */,
				FAD9FFDE18B33CA70098DA76 /* Supporting Files */,
			);
			path = QuickTransfer;
			sourceTree = "<group>";
		};
		FAD9FFDE18B33CA70098DA76 /* Supporting Files */ = {
			isa = PBXGroup;
			children = (
				FAD9FFDF18B33CA70098DA76 /* QuickTransfer-Info.plist */,
				FAD9FFE018B33CA70098DA76 /* InfoPlist.strings */,
				FAD9FFE318B33CA70098DA76 /* main.m */,
				FAD9FFE518B33CA70098DA76 /* QuickTransfer-Prefix.pch */,
				FAD9FFE618B33CA70098DA76 /* Credits.rtf */,
			);
			name = "Supporting Files";
			sourceTree = "<group>";
		};
		FAD9FFFB18B33CA80098DA76 /* QuickTransferTests */ = {
			isa = PBXGroup;
			children = (
				FAD9000118B33CA80098DA76 /* QuickTransferTests.m */,
				FAD9FFFC18B33CA80098DA76 /* Supporting Files */,
			);
			path = QuickTransferTests;
			sourceTree = "<group>";
		};
		FAD9FFFC18B33CA80098DA76 /* Supporting Files */ = {
			isa = PBXGroup;
			children = (
				FAD9FFFD18B33CA80098DA76 /* QuickTransferTests-Info.plist */,
				FAD9FFFE18B33CA80098DA76 /* InfoPlist.strings */,
			);
			name = "Supporting Files";
			sourceTree = "<group>";
		};
/* End PBXGroup section */

/* Begin PBXNativeTarget section */
		FA283EF118B494E5003D4FB6 /* QuickTransfer-iOS */ = {
			isa = PBXNativeTarget;
			buildConfigurationList = FA283F1D18B494E5003D4FB6 /* Build configuration list for PBXNativeTarget "QuickTransfer-iOS" */;
			buildPhases = (
				FA283EEE18B494E5003D4FB6 /* Sources */,
				FA283EEF18B494E5003D4FB6 /* Frameworks */,
				FA283EF018B494E5003D4FB6 /* Resources */,
			);
			buildRules = (
			);
			dependencies = (
			);
			name = "QuickTransfer-iOS";
			productName = "QuickTransfer-iOS";
			productReference = FA283EF218B494E5003D4FB6 /* QuickTransfer-iOS.app */;
			productType = "com.apple.product-type.application";
		};
		FA283F0A18B494E5003D4FB6 /* QuickTransfer-iOSTests */ = {
			isa = PBXNativeTarget;
			buildConfigurationList = FA283F1E18B494E5003D4FB6 /* Build configuration list for PBXNativeTarget "QuickTransfer-iOSTests" */;
			buildPhases = (
				FA283F0718B494E5003D4FB6 /* Sources */,
				FA283F0818B494E5003D4FB6 /* Frameworks */,
				FA283F0918B494E5003D4FB6 /* Resources */,
			);
			buildRules = (
			);
			dependencies = (
				FA283F1018B494E5003D4FB6 /* PBXTargetDependency */,
			);
			name = "QuickTransfer-iOSTests";
			productName = "QuickTransfer-iOSTests";
			productReference = FA283F0B18B494E5003D4FB6 /* QuickTransfer-iOSTests.xctest */;
			productType = "com.apple.product-type.bundle.unit-test";
		};
		FA5911F51C0583520057928C /* QuickTransfer copy */ = {
			isa = PBXNativeTarget;
			buildConfigurationList = FA59121B1C0583520057928C /* Build configuration list for PBXNativeTarget "QuickTransfer copy" */;
			buildPhases = (
				FA5911F61C0583520057928C /* Sources */,
				FA59120F1C0583520057928C /* Frameworks */,
				FA5912151C0583520057928C /* Resources */,
				FA59121A1C0583520057928C /* ShellScript */,
			);
			buildRules = (
			);
			dependencies = (
			);
			name = "QuickTransfer copy";
			productName = QuickTransfer;
			productReference = FA59121E1C0583520057928C /* QuickTransfer copy.app */;
			productType = "com.apple.product-type.application";
		};
		FAD9FFD318B33CA70098DA76 /* QuickTransfer */ = {
			isa = PBXNativeTarget;
			buildConfigurationList = FAD9000518B33CA80098DA76 /* Build configuration list for PBXNativeTarget "QuickTransfer" */;
			buildPhases = (
				FAD9FFD018B33CA70098DA76 /* Sources */,
				FAD9FFD118B33CA70098DA76 /* Frameworks */,
				FAD9FFD218B33CA70098DA76 /* Resources */,
				FA10D28418BB41E400C54388 /* ShellScript */,
			);
			buildRules = (
			);
			dependencies = (
			);
			name = QuickTransfer;
			productName = QuickTransfer;
			productReference = FAD9FFD418B33CA70098DA76 /* QuickTransfer.app */;
			productType = "com.apple.product-type.application";
		};
		FAD9FFF418B33CA80098DA76 /* QuickTransferTests */ = {
			isa = PBXNativeTarget;
			buildConfigurationList = FAD9000818B33CA80098DA76 /* Build configuration list for PBXNativeTarget "QuickTransferTests" */;
			buildPhases = (
				FAD9FFF118B33CA80098DA76 /* Sources */,
				FAD9FFF218B33CA80098DA76 /* Frameworks */,
				FAD9FFF318B33CA80098DA76 /* Resources */,
			);
			buildRules = (
			);
			dependencies = (
				FAD9FFFA18B33CA80098DA76 /* PBXTargetDependency */,
			);
			name = QuickTransferTests;
			productName = QuickTransferTests;
			productReference = FAD9FFF518B33CA80098DA76 /* QuickTransferTests.xctest */;
			productType = "com.apple.product-type.bundle.unit-test";
		};
/* End PBXNativeTarget section */

/* Begin PBXProject section */
		FAD9FFCC18B33CA70098DA76 /* Project object */ = {
			isa = PBXProject;
			attributes = {
				CLASSPREFIX = QTR;
				LastUpgradeCheck = 0500;
				ORGANIZATIONNAME = "Laughing Buddha Software";
				TargetAttributes = {
					FA283EF118B494E5003D4FB6 = {
						DevelopmentTeam = ZS2J82S2TD;
					};
					FA283F0A18B494E5003D4FB6 = {
						TestTargetID = FA283EF118B494E5003D4FB6;
					};
					FAD9FFF418B33CA80098DA76 = {
						TestTargetID = FAD9FFD318B33CA70098DA76;
					};
				};
			};
			buildConfigurationList = FAD9FFCF18B33CA70098DA76 /* Build configuration list for PBXProject "QuickTransfer" */;
			compatibilityVersion = "Xcode 3.2";
			developmentRegion = English;
			hasScannedForEncodings = 0;
			knownRegions = (
				en,
				Base,
			);
			mainGroup = FAD9FFCB18B33CA70098DA76;
			productRefGroup = FAD9FFD518B33CA70098DA76 /* Products */;
			projectDirPath = "";
			projectRoot = "";
			targets = (
				FAD9FFD318B33CA70098DA76 /* QuickTransfer */,
				FAD9FFF418B33CA80098DA76 /* QuickTransferTests */,
				FA283EF118B494E5003D4FB6 /* QuickTransfer-iOS */,
				FA283F0A18B494E5003D4FB6 /* QuickTransfer-iOSTests */,
				FA5911F51C0583520057928C /* QuickTransfer copy */,
			);
		};
/* End PBXProject section */

/* Begin PBXResourcesBuildPhase section */
		FA283EF018B494E5003D4FB6 /* Resources */ = {
			isa = PBXResourcesBuildPhase;
			buildActionMask = 2147483647;
			files = (
				07B3083D1C0EDC8E00A889BF /* Button_back.xcassets in Resources */,
				07B308381C0ECD5700A889BF /* selected_image.xcassets in Resources */,
				072BE74F1C0D8BBD00798AC1 /* linuxIcon.xcassets in Resources */,
				072BE74E1C0D8BB800798AC1 /* defaultIcon.xcassets in Resources */,
				072BE74B1C0D816A00798AC1 /* AndroidIcon.xcassets in Resources */,
				072BE74A1C0D816500798AC1 /* macIcon.xcassets in Resources */,
				072BE7491C0D815F00798AC1 /* windowsIcon.xcassets in Resources */,
				072BE73E1C0D7CD400798AC1 /* iPhoneIcon.xcassets in Resources */,
				07D5DB661C0D70CE005C2EC2 /* Gallery_placeholder.png in Resources */,
				FA283EFE18B494E5003D4FB6 /* InfoPlist.strings in Resources */,
				07D4A2E21C0821E0006F93E6 /* settingIcon.png in Resources */,
				FA283F0618B494E5003D4FB6 /* Images.xcassets in Resources */,
				07E742381C0751410084388C /* Launch Screen.storyboard in Resources */,
			);
			runOnlyForDeploymentPostprocessing = 0;
		};
		FA283F0918B494E5003D4FB6 /* Resources */ = {
			isa = PBXResourcesBuildPhase;
			buildActionMask = 2147483647;
			files = (
				FA283F1618B494E5003D4FB6 /* InfoPlist.strings in Resources */,
			);
			runOnlyForDeploymentPostprocessing = 0;
		};
		FA5912151C0583520057928C /* Resources */ = {
			isa = PBXResourcesBuildPhase;
			buildActionMask = 2147483647;
			files = (
				FA5912161C0583520057928C /* InfoPlist.strings in Resources */,
				FA5912171C0583520057928C /* Images.xcassets in Resources */,
				FA5912181C0583520057928C /* Credits.rtf in Resources */,
				FA5912191C0583520057928C /* MainMenu.xib in Resources */,
			);
			runOnlyForDeploymentPostprocessing = 0;
		};
		FAD9FFD218B33CA70098DA76 /* Resources */ = {
			isa = PBXResourcesBuildPhase;
			buildActionMask = 2147483647;
			files = (
				072BE74D1C0D8AE700798AC1 /* defaultIcon.xcassets in Resources */,
				070281901C0CA05400125F35 /* iPhoneIcon.xcassets in Resources */,
				FAD9FFE218B33CA70098DA76 /* InfoPlist.strings in Resources */,
				072BE7401C0D803500798AC1 /* macIcon.xcassets in Resources */,
				072BE7421C0D804A00798AC1 /* AndroidIcon.xcassets in Resources */,
				07B3083C1C0EDC6300A889BF /* Button_back.xcassets in Resources */,
				FAD9FFF018B33CA80098DA76 /* Images.xcassets in Resources */,
				07B308371C0ECD2800A889BF /* selected_image.xcassets in Resources */,
				07D5DB221C0D69F0005C2EC2 /* Gallery_placeholder.png in Resources */,
				072BE7461C0D808500798AC1 /* linuxIcon.xcassets in Resources */,
				FAD9FFE818B33CA70098DA76 /* Credits.rtf in Resources */,
				072BE7481C0D809700798AC1 /* windowsIcon.xcassets in Resources */,
				FAD9FFEE18B33CA80098DA76 /* MainMenu.xib in Resources */,
			);
			runOnlyForDeploymentPostprocessing = 0;
		};
		FAD9FFF318B33CA80098DA76 /* Resources */ = {
			isa = PBXResourcesBuildPhase;
			buildActionMask = 2147483647;
			files = (
				FAD9000018B33CA80098DA76 /* InfoPlist.strings in Resources */,
			);
			runOnlyForDeploymentPostprocessing = 0;
		};
/* End PBXResourcesBuildPhase section */

/* Begin PBXShellScriptBuildPhase section */
		FA10D28418BB41E400C54388 /* ShellScript */ = {
			isa = PBXShellScriptBuildPhase;
			buildActionMask = 12;
			files = (
			);
			inputPaths = (
			);
			outputPaths = (
			);
			runOnlyForDeploymentPostprocessing = 0;
			shellPath = /bin/sh;
			shellScript = "";
		};
		FA59121A1C0583520057928C /* ShellScript */ = {
			isa = PBXShellScriptBuildPhase;
			buildActionMask = 12;
			files = (
			);
			inputPaths = (
			);
			outputPaths = (
			);
			runOnlyForDeploymentPostprocessing = 0;
			shellPath = /bin/sh;
			shellScript = "";
		};
/* End PBXShellScriptBuildPhase section */

/* Begin PBXSourcesBuildPhase section */
		FA283EEE18B494E5003D4FB6 /* Sources */ = {
			isa = PBXSourcesBuildPhase;
			buildActionMask = 2147483647;
			files = (
				FA67440918F69D9900A34C24 /* QTRTransfersStore.m in Sources */,
				07E742341C073BE80084388C /* QTRGalleryCollectionViewCell.m in Sources */,
				FAD009CB18D840AD0014DCC5 /* QTRBeaconHelper.m in Sources */,
				FA283F2318B49582003D4FB6 /* QTRBonjourServer.m in Sources */,
				07D4A2EB1C086AD4006F93E6 /* QTRActionSheetGalleryView.m in Sources */,
				07BB981D1C100B9500AF7F7C /* QTRImagesInfoData.m in Sources */,
				FA5911EB1C0570610057928C /* QTRFileZipper.m in Sources */,
				07D4A2F41C088D5F006F93E6 /* QTRAlertControllerCollectionViewCell.m in Sources */,
				FA5911F21C057F0F0057928C /* QTRDraggedItem.m in Sources */,
				07BB98211C102EC600AF7F7C /* QTRSelectedUserInfo.m in Sources */,
				07E742311C07390B0084388C /* QTRGalleryImagesView.m in Sources */,
				FA283F2418B49582003D4FB6 /* QTRBonjourClient.m in Sources */,
				FA283F2518B49582003D4FB6 /* QTRMessage.m in Sources */,
				FA12BB0418BF06000030911F /* QTRTransfer.m in Sources */,
				FAAC781C18EE884C0006B698 /* QTRTransfersTableCell.m in Sources */,
				FADEB05818F53177002F1C00 /* QTRHelper.m in Sources */,
				FA6DA6B818C453E30097742B /* QTRMultipartTransfer.m in Sources */,
				FA283F2618B49582003D4FB6 /* QTRUser.m in Sources */,
				FA283F2718B49582003D4FB6 /* QTRConstants.m in Sources */,
				FA283F1F18B49551003D4FB6 /* DTBonjourDataChunk.m in Sources */,
				FA283F2018B49551003D4FB6 /* DTBonjourDataConnection.m in Sources */,
				07EE54691C047B550092C913 /* QTRHomeCollectionViewCell.m in Sources */,
				FA283F2C18B49BA8003D4FB6 /* QTRFile.m in Sources */,
				FADEB05B18F5577E002F1C00 /* QTRRootViewController.m in Sources */,
				FA283F2118B49551003D4FB6 /* DTBonjourServer.m in Sources */,
				07D4A2E81C0848F0006F93E6 /* QTRRightBarButtonView.m in Sources */,
				FA283F3D18B5BE49003D4FB6 /* QTRConnectedDevicesViewController.m in Sources */,
				FA283F3A18B5BD9F003D4FB6 /* QTRConnectedDevicesView.m in Sources */,
				FA283F2218B49551003D4FB6 /* NSScanner+DTBonjour.m in Sources */,
				FA283F0418B494E5003D4FB6 /* QTRAppDelegate.m in Sources */,
				FAAC781918EE80A30006B698 /* QTRTransfersViewController.m in Sources */,
				FA283F0018B494E5003D4FB6 /* main.m in Sources */,
				07E7422E1C0717490084388C /* QTRShowGalleryViewController.m in Sources */,
				FA6DA6BC18C5C2BC0097742B /* QTRMultipartWriter.m in Sources */,
			);
			runOnlyForDeploymentPostprocessing = 0;
		};
		FA283F0718B494E5003D4FB6 /* Sources */ = {
			isa = PBXSourcesBuildPhase;
			buildActionMask = 2147483647;
			files = (
				FA283F1818B494E5003D4FB6 /* QuickTransfer_iOSTests.m in Sources */,
				FA5911F31C057F0F0057928C /* QTRDraggedItem.m in Sources */,
				FA5911EC1C0570610057928C /* QTRFileZipper.m in Sources */,
			);
			runOnlyForDeploymentPostprocessing = 0;
		};
		FA5911F61C0583520057928C /* Sources */ = {
			isa = PBXSourcesBuildPhase;
			buildActionMask = 2147483647;
			files = (
				FA5911F71C0583520057928C /* QTRRootController.m in Sources */,
				FA5911F81C0583520057928C /* QTRMessage.m in Sources */,
				FA5911F91C0583520057928C /* QTRTransfersStore.m in Sources */,
				FA5911FA1C0583520057928C /* QTRBonjourClient.m in Sources */,
				FA5911FB1C0583520057928C /* QTRTransfer.m in Sources */,
				FA5911FC1C0583520057928C /* QTRMultipartWriter.m in Sources */,
				FA5911FD1C0583520057928C /* QTRAppDelegate.m in Sources */,
				FA5911FE1C0583520057928C /* QTRDraggedItem.m in Sources */,
				FA5911FF1C0583520057928C /* QTRFileZipper.m in Sources */,
				FA5912001C0583520057928C /* QTRHelper.m in Sources */,
				FA5912011C0583520057928C /* QTRFile.m in Sources */,
				FA5912021C0583520057928C /* QTRMultipartTransfer.m in Sources */,
				FA5912031C0583520057928C /* QTRBonjourServer.m in Sources */,
				FA5912041C0583520057928C /* QTRTransfersTableCellView.m in Sources */,
				FA5912051C0583520057928C /* DTBonjourDataConnection.m in Sources */,
				FA5912061C0583520057928C /* QTRStatusItemView.m in Sources */,
				FA5912071C0583520057928C /* QTRTransfersController.m in Sources */,
				FA5912081C0583520057928C /* QTRBeaconHelper.m in Sources */,
				FA5912091C0583520057928C /* QTRConstants.m in Sources */,
				FA59120A1C0583520057928C /* DTBonjourDataChunk.m in Sources */,
				FA59120B1C0583520057928C /* DTBonjourServer.m in Sources */,
				FA59120C1C0583520057928C /* main.m in Sources */,
				FA59120D1C0583520057928C /* QTRUser.m in Sources */,
				FA59120E1C0583520057928C /* NSScanner+DTBonjour.m in Sources */,
			);
			runOnlyForDeploymentPostprocessing = 0;
		};
		FAD9FFD018B33CA70098DA76 /* Sources */ = {
			isa = PBXSourcesBuildPhase;
			buildActionMask = 2147483647;
			files = (
				FAD9002118B3458B0098DA76 /* QTRRootController.m in Sources */,
				FAD9003118B3534A0098DA76 /* QTRMessage.m in Sources */,
				FADEB05F18F56202002F1C00 /* QTRTransfersStore.m in Sources */,
				FAD9002B18B3515A0098DA76 /* QTRBonjourClient.m in Sources */,
				FA12BB0318BF06000030911F /* QTRTransfer.m in Sources */,
				FA6DA6BB18C5C2BC0097742B /* QTRMultipartWriter.m in Sources */,
				FAD9FFEB18B33CA70098DA76 /* QTRAppDelegate.m in Sources */,
				FA5911F01C057F0F0057928C /* QTRDraggedItem.m in Sources */,
				FA5911E91C0570610057928C /* QTRFileZipper.m in Sources */,
				FADEB05718F53177002F1C00 /* QTRHelper.m in Sources */,
				FA283F2A18B49BA8003D4FB6 /* QTRFile.m in Sources */,
				FA6DA6B718C453E30097742B /* QTRMultipartTransfer.m in Sources */,
				FAD9002818B34DEF0098DA76 /* QTRBonjourServer.m in Sources */,
				FA3ACDB618C0577A00889FBC /* QTRTransfersTableCellView.m in Sources */,
				FAD9001C18B33F010098DA76 /* DTBonjourDataConnection.m in Sources */,
				FA38B29318BDCFA4003BB8E5 /* QTRStatusItemView.m in Sources */,
				FA12BB0718BF29320030911F /* QTRTransfersController.m in Sources */,
				FAD009CA18D840AD0014DCC5 /* QTRBeaconHelper.m in Sources */,
				FAD9002E18B351DE0098DA76 /* QTRConstants.m in Sources */,
				FAD9001B18B33F010098DA76 /* DTBonjourDataChunk.m in Sources */,
				FAD9001D18B33F010098DA76 /* DTBonjourServer.m in Sources */,
				FAD9FFE418B33CA70098DA76 /* main.m in Sources */,
				FAD9003418B3630F0098DA76 /* QTRUser.m in Sources */,
				FAD9001E18B33F010098DA76 /* NSScanner+DTBonjour.m in Sources */,
			);
			runOnlyForDeploymentPostprocessing = 0;
		};
		FAD9FFF118B33CA80098DA76 /* Sources */ = {
			isa = PBXSourcesBuildPhase;
			buildActionMask = 2147483647;
			files = (
				FAD9000218B33CA80098DA76 /* QuickTransferTests.m in Sources */,
				FA5911F11C057F0F0057928C /* QTRDraggedItem.m in Sources */,
				FA5911EA1C0570610057928C /* QTRFileZipper.m in Sources */,
			);
			runOnlyForDeploymentPostprocessing = 0;
		};
/* End PBXSourcesBuildPhase section */

/* Begin PBXTargetDependency section */
		FA283F1018B494E5003D4FB6 /* PBXTargetDependency */ = {
			isa = PBXTargetDependency;
			target = FA283EF118B494E5003D4FB6 /* QuickTransfer-iOS */;
			targetProxy = FA283F0F18B494E5003D4FB6 /* PBXContainerItemProxy */;
		};
		FAD9FFFA18B33CA80098DA76 /* PBXTargetDependency */ = {
			isa = PBXTargetDependency;
			target = FAD9FFD318B33CA70098DA76 /* QuickTransfer */;
			targetProxy = FAD9FFF918B33CA80098DA76 /* PBXContainerItemProxy */;
		};
/* End PBXTargetDependency section */

/* Begin PBXVariantGroup section */
		FA283EFC18B494E5003D4FB6 /* InfoPlist.strings */ = {
			isa = PBXVariantGroup;
			children = (
				FA283EFD18B494E5003D4FB6 /* en */,
			);
			name = InfoPlist.strings;
			sourceTree = "<group>";
		};
		FA283F1418B494E5003D4FB6 /* InfoPlist.strings */ = {
			isa = PBXVariantGroup;
			children = (
				FA283F1518B494E5003D4FB6 /* en */,
			);
			name = InfoPlist.strings;
			sourceTree = "<group>";
		};
		FAD9FFE018B33CA70098DA76 /* InfoPlist.strings */ = {
			isa = PBXVariantGroup;
			children = (
				FAD9FFE118B33CA70098DA76 /* en */,
			);
			name = InfoPlist.strings;
			sourceTree = "<group>";
		};
		FAD9FFE618B33CA70098DA76 /* Credits.rtf */ = {
			isa = PBXVariantGroup;
			children = (
				FAD9FFE718B33CA70098DA76 /* en */,
			);
			name = Credits.rtf;
			sourceTree = "<group>";
		};
		FAD9FFEC18B33CA80098DA76 /* MainMenu.xib */ = {
			isa = PBXVariantGroup;
			children = (
				FAD9FFED18B33CA80098DA76 /* Base */,
			);
			name = MainMenu.xib;
			sourceTree = "<group>";
		};
		FAD9FFFE18B33CA80098DA76 /* InfoPlist.strings */ = {
			isa = PBXVariantGroup;
			children = (
				FAD9FFFF18B33CA80098DA76 /* en */,
			);
			name = InfoPlist.strings;
			sourceTree = "<group>";
		};
/* End PBXVariantGroup section */

/* Begin XCBuildConfiguration section */
		FA283F1918B494E5003D4FB6 /* Debug */ = {
			isa = XCBuildConfiguration;
			buildSettings = {
				ARCHS = "$(ARCHS_STANDARD_INCLUDING_64_BIT)";
				ASSETCATALOG_COMPILER_APPICON_NAME = AppIcon;
				CLANG_ENABLE_MODULES = YES;
				CODE_SIGN_IDENTITY = "iPhone Developer";
				"CODE_SIGN_IDENTITY[sdk=iphoneos*]" = "iPhone Developer";
				FRAMEWORK_SEARCH_PATHS = (
					"$(inherited)",
					"$(DEVELOPER_FRAMEWORKS_DIR)",
				);
				GCC_PRECOMPILE_PREFIX_HEADER = YES;
				GCC_PREFIX_HEADER = "QuickTransfer-iOS/QuickTransfer-iOS-Prefix.pch";
				GCC_PREPROCESSOR_DEFINITIONS = (
					"DEBUG=1",
					"$(inherited)",
				);
				INFOPLIST_FILE = "QuickTransfer-iOS/QuickTransfer-iOS-Info.plist";
				IPHONEOS_DEPLOYMENT_TARGET = 8.1;
				PRODUCT_NAME = "$(TARGET_NAME)";
				PROVISIONING_PROFILE = "";
				SDKROOT = iphoneos;
				WRAPPER_EXTENSION = app;
			};
			name = Debug;
		};
		FA283F1A18B494E5003D4FB6 /* Release */ = {
			isa = XCBuildConfiguration;
			buildSettings = {
				ARCHS = "$(ARCHS_STANDARD_INCLUDING_64_BIT)";
				ASSETCATALOG_COMPILER_APPICON_NAME = AppIcon;
				CLANG_ENABLE_MODULES = YES;
				CODE_SIGN_IDENTITY = "iPhone Developer";
				"CODE_SIGN_IDENTITY[sdk=iphoneos*]" = "iPhone Developer";
				FRAMEWORK_SEARCH_PATHS = (
					"$(inherited)",
					"$(DEVELOPER_FRAMEWORKS_DIR)",
				);
				GCC_PRECOMPILE_PREFIX_HEADER = YES;
				GCC_PREFIX_HEADER = "QuickTransfer-iOS/QuickTransfer-iOS-Prefix.pch";
				INFOPLIST_FILE = "QuickTransfer-iOS/QuickTransfer-iOS-Info.plist";
				IPHONEOS_DEPLOYMENT_TARGET = 8.1;
				PRODUCT_NAME = "$(TARGET_NAME)";
				PROVISIONING_PROFILE = "";
				SDKROOT = iphoneos;
				VALIDATE_PRODUCT = YES;
				WRAPPER_EXTENSION = app;
			};
			name = Release;
		};
		FA283F1B18B494E5003D4FB6 /* Debug */ = {
			isa = XCBuildConfiguration;
			buildSettings = {
				ARCHS = "$(ARCHS_STANDARD_INCLUDING_64_BIT)";
				BUNDLE_LOADER = "$(BUILT_PRODUCTS_DIR)/QuickTransfer-iOS.app/QuickTransfer-iOS";
				CLANG_ENABLE_MODULES = YES;
				FRAMEWORK_SEARCH_PATHS = (
					"$(SDKROOT)/Developer/Library/Frameworks",
					"$(inherited)",
					"$(DEVELOPER_FRAMEWORKS_DIR)",
				);
				GCC_PRECOMPILE_PREFIX_HEADER = YES;
				GCC_PREFIX_HEADER = "QuickTransfer-iOS/QuickTransfer-iOS-Prefix.pch";
				GCC_PREPROCESSOR_DEFINITIONS = (
					"DEBUG=1",
					"$(inherited)",
				);
				INFOPLIST_FILE = "QuickTransfer-iOSTests/QuickTransfer-iOSTests-Info.plist";
				IPHONEOS_DEPLOYMENT_TARGET = 7.0;
				PRODUCT_NAME = "$(TARGET_NAME)";
				SDKROOT = iphoneos;
				TEST_HOST = "$(BUNDLE_LOADER)";
				WRAPPER_EXTENSION = xctest;
			};
			name = Debug;
		};
		FA283F1C18B494E5003D4FB6 /* Release */ = {
			isa = XCBuildConfiguration;
			buildSettings = {
				ARCHS = "$(ARCHS_STANDARD_INCLUDING_64_BIT)";
				BUNDLE_LOADER = "$(BUILT_PRODUCTS_DIR)/QuickTransfer-iOS.app/QuickTransfer-iOS";
				CLANG_ENABLE_MODULES = YES;
				FRAMEWORK_SEARCH_PATHS = (
					"$(SDKROOT)/Developer/Library/Frameworks",
					"$(inherited)",
					"$(DEVELOPER_FRAMEWORKS_DIR)",
				);
				GCC_PRECOMPILE_PREFIX_HEADER = YES;
				GCC_PREFIX_HEADER = "QuickTransfer-iOS/QuickTransfer-iOS-Prefix.pch";
				INFOPLIST_FILE = "QuickTransfer-iOSTests/QuickTransfer-iOSTests-Info.plist";
				IPHONEOS_DEPLOYMENT_TARGET = 7.0;
				PRODUCT_NAME = "$(TARGET_NAME)";
				SDKROOT = iphoneos;
				TEST_HOST = "$(BUNDLE_LOADER)";
				VALIDATE_PRODUCT = YES;
				WRAPPER_EXTENSION = xctest;
			};
			name = Release;
		};
		FA59121C1C0583520057928C /* Debug */ = {
			isa = XCBuildConfiguration;
			buildSettings = {
				ASSETCATALOG_COMPILER_APPICON_NAME = AppIcon;
				COMBINE_HIDPI_IMAGES = YES;
				GCC_PRECOMPILE_PREFIX_HEADER = YES;
				GCC_PREFIX_HEADER = "QuickTransfer/QuickTransfer-Prefix.pch";
				INFOPLIST_FILE = "QuickTransfer copy2-Info.plist";
				MACOSX_DEPLOYMENT_TARGET = 10.8;
				PRODUCT_NAME = "$(TARGET_NAME)";
				SDKROOT = macosx;
				WRAPPER_EXTENSION = app;
			};
			name = Debug;
		};
		FA59121D1C0583520057928C /* Release */ = {
			isa = XCBuildConfiguration;
			buildSettings = {
				ASSETCATALOG_COMPILER_APPICON_NAME = AppIcon;
				COMBINE_HIDPI_IMAGES = YES;
				GCC_PRECOMPILE_PREFIX_HEADER = YES;
				GCC_PREFIX_HEADER = "QuickTransfer/QuickTransfer-Prefix.pch";
				INFOPLIST_FILE = "QuickTransfer copy2-Info.plist";
				MACOSX_DEPLOYMENT_TARGET = 10.8;
				PRODUCT_NAME = "$(TARGET_NAME)";
				SDKROOT = macosx;
				WRAPPER_EXTENSION = app;
			};
			name = Release;
		};
		FAD9000318B33CA80098DA76 /* Debug */ = {
			isa = XCBuildConfiguration;
			buildSettings = {
				ALWAYS_SEARCH_USER_PATHS = NO;
				CLANG_CXX_LANGUAGE_STANDARD = "gnu++0x";
				CLANG_CXX_LIBRARY = "libc++";
				CLANG_ENABLE_OBJC_ARC = YES;
				CLANG_WARN_BOOL_CONVERSION = YES;
				CLANG_WARN_CONSTANT_CONVERSION = YES;
				CLANG_WARN_DIRECT_OBJC_ISA_USAGE = YES_ERROR;
				CLANG_WARN_EMPTY_BODY = YES;
				CLANG_WARN_ENUM_CONVERSION = YES;
				CLANG_WARN_INT_CONVERSION = YES;
				CLANG_WARN_OBJC_ROOT_CLASS = YES_ERROR;
				CLANG_WARN__DUPLICATE_METHOD_MATCH = YES;
				COPY_PHASE_STRIP = NO;
				GCC_C_LANGUAGE_STANDARD = gnu99;
				GCC_DYNAMIC_NO_PIC = NO;
				GCC_ENABLE_OBJC_EXCEPTIONS = YES;
				GCC_OPTIMIZATION_LEVEL = 0;
				GCC_PREPROCESSOR_DEFINITIONS = (
					"DEBUG=1",
					"$(inherited)",
				);
				GCC_SYMBOLS_PRIVATE_EXTERN = NO;
				GCC_WARN_64_TO_32_BIT_CONVERSION = YES;
				GCC_WARN_ABOUT_RETURN_TYPE = YES_ERROR;
				GCC_WARN_UNDECLARED_SELECTOR = YES;
				GCC_WARN_UNINITIALIZED_AUTOS = YES;
				GCC_WARN_UNUSED_FUNCTION = YES;
				GCC_WARN_UNUSED_VARIABLE = YES;
				MACOSX_DEPLOYMENT_TARGET = 10.9;
				ONLY_ACTIVE_ARCH = YES;
				SDKROOT = macosx;
			};
			name = Debug;
		};
		FAD9000418B33CA80098DA76 /* Release */ = {
			isa = XCBuildConfiguration;
			buildSettings = {
				ALWAYS_SEARCH_USER_PATHS = NO;
				CLANG_CXX_LANGUAGE_STANDARD = "gnu++0x";
				CLANG_CXX_LIBRARY = "libc++";
				CLANG_ENABLE_OBJC_ARC = YES;
				CLANG_WARN_BOOL_CONVERSION = YES;
				CLANG_WARN_CONSTANT_CONVERSION = YES;
				CLANG_WARN_DIRECT_OBJC_ISA_USAGE = YES_ERROR;
				CLANG_WARN_EMPTY_BODY = YES;
				CLANG_WARN_ENUM_CONVERSION = YES;
				CLANG_WARN_INT_CONVERSION = YES;
				CLANG_WARN_OBJC_ROOT_CLASS = YES_ERROR;
				CLANG_WARN__DUPLICATE_METHOD_MATCH = YES;
				COPY_PHASE_STRIP = YES;
				DEBUG_INFORMATION_FORMAT = "dwarf-with-dsym";
				ENABLE_NS_ASSERTIONS = NO;
				GCC_C_LANGUAGE_STANDARD = gnu99;
				GCC_ENABLE_OBJC_EXCEPTIONS = YES;
				GCC_WARN_64_TO_32_BIT_CONVERSION = YES;
				GCC_WARN_ABOUT_RETURN_TYPE = YES_ERROR;
				GCC_WARN_UNDECLARED_SELECTOR = YES;
				GCC_WARN_UNINITIALIZED_AUTOS = YES;
				GCC_WARN_UNUSED_FUNCTION = YES;
				GCC_WARN_UNUSED_VARIABLE = YES;
				MACOSX_DEPLOYMENT_TARGET = 10.9;
				SDKROOT = macosx;
			};
			name = Release;
		};
		FAD9000618B33CA80098DA76 /* Debug */ = {
			isa = XCBuildConfiguration;
			buildSettings = {
				ASSETCATALOG_COMPILER_APPICON_NAME = AppIcon;
				COMBINE_HIDPI_IMAGES = YES;
				GCC_PRECOMPILE_PREFIX_HEADER = YES;
				GCC_PREFIX_HEADER = "QuickTransfer/QuickTransfer-Prefix.pch";
				INFOPLIST_FILE = "QuickTransfer/QuickTransfer-Info.plist";
				MACOSX_DEPLOYMENT_TARGET = 10.8;
				PRODUCT_NAME = "$(TARGET_NAME)";
				SDKROOT = macosx;
				WRAPPER_EXTENSION = app;
			};
			name = Debug;
		};
		FAD9000718B33CA80098DA76 /* Release */ = {
			isa = XCBuildConfiguration;
			buildSettings = {
				ASSETCATALOG_COMPILER_APPICON_NAME = AppIcon;
				COMBINE_HIDPI_IMAGES = YES;
				GCC_PRECOMPILE_PREFIX_HEADER = YES;
				GCC_PREFIX_HEADER = "QuickTransfer/QuickTransfer-Prefix.pch";
				INFOPLIST_FILE = "QuickTransfer/QuickTransfer-Info.plist";
				MACOSX_DEPLOYMENT_TARGET = 10.8;
				PRODUCT_NAME = "$(TARGET_NAME)";
				SDKROOT = macosx;
				WRAPPER_EXTENSION = app;
			};
			name = Release;
		};
		FAD9000918B33CA80098DA76 /* Debug */ = {
			isa = XCBuildConfiguration;
			buildSettings = {
				BUNDLE_LOADER = "$(BUILT_PRODUCTS_DIR)/QuickTransfer.app/Contents/MacOS/QuickTransfer";
				COMBINE_HIDPI_IMAGES = YES;
				FRAMEWORK_SEARCH_PATHS = (
					"$(DEVELOPER_FRAMEWORKS_DIR)",
					"$(inherited)",
				);
				GCC_PRECOMPILE_PREFIX_HEADER = YES;
				GCC_PREFIX_HEADER = "QuickTransfer/QuickTransfer-Prefix.pch";
				GCC_PREPROCESSOR_DEFINITIONS = (
					"DEBUG=1",
					"$(inherited)",
				);
				INFOPLIST_FILE = "QuickTransferTests/QuickTransferTests-Info.plist";
				PRODUCT_NAME = "$(TARGET_NAME)";
				TEST_HOST = "$(BUNDLE_LOADER)";
				WRAPPER_EXTENSION = xctest;
			};
			name = Debug;
		};
		FAD9000A18B33CA80098DA76 /* Release */ = {
			isa = XCBuildConfiguration;
			buildSettings = {
				BUNDLE_LOADER = "$(BUILT_PRODUCTS_DIR)/QuickTransfer.app/Contents/MacOS/QuickTransfer";
				COMBINE_HIDPI_IMAGES = YES;
				FRAMEWORK_SEARCH_PATHS = (
					"$(DEVELOPER_FRAMEWORKS_DIR)",
					"$(inherited)",
				);
				GCC_PRECOMPILE_PREFIX_HEADER = YES;
				GCC_PREFIX_HEADER = "QuickTransfer/QuickTransfer-Prefix.pch";
				INFOPLIST_FILE = "QuickTransferTests/QuickTransferTests-Info.plist";
				PRODUCT_NAME = "$(TARGET_NAME)";
				TEST_HOST = "$(BUNDLE_LOADER)";
				WRAPPER_EXTENSION = xctest;
			};
			name = Release;
		};
/* End XCBuildConfiguration section */

/* Begin XCConfigurationList section */
		FA283F1D18B494E5003D4FB6 /* Build configuration list for PBXNativeTarget "QuickTransfer-iOS" */ = {
			isa = XCConfigurationList;
			buildConfigurations = (
				FA283F1918B494E5003D4FB6 /* Debug */,
				FA283F1A18B494E5003D4FB6 /* Release */,
			);
			defaultConfigurationIsVisible = 0;
			defaultConfigurationName = Release;
		};
		FA283F1E18B494E5003D4FB6 /* Build configuration list for PBXNativeTarget "QuickTransfer-iOSTests" */ = {
			isa = XCConfigurationList;
			buildConfigurations = (
				FA283F1B18B494E5003D4FB6 /* Debug */,
				FA283F1C18B494E5003D4FB6 /* Release */,
			);
			defaultConfigurationIsVisible = 0;
			defaultConfigurationName = Release;
		};
		FA59121B1C0583520057928C /* Build configuration list for PBXNativeTarget "QuickTransfer copy" */ = {
			isa = XCConfigurationList;
			buildConfigurations = (
				FA59121C1C0583520057928C /* Debug */,
				FA59121D1C0583520057928C /* Release */,
			);
			defaultConfigurationIsVisible = 0;
			defaultConfigurationName = Release;
		};
		FAD9000518B33CA80098DA76 /* Build configuration list for PBXNativeTarget "QuickTransfer" */ = {
			isa = XCConfigurationList;
			buildConfigurations = (
				FAD9000618B33CA80098DA76 /* Debug */,
				FAD9000718B33CA80098DA76 /* Release */,
			);
			defaultConfigurationIsVisible = 0;
			defaultConfigurationName = Release;
		};
		FAD9000818B33CA80098DA76 /* Build configuration list for PBXNativeTarget "QuickTransferTests" */ = {
			isa = XCConfigurationList;
			buildConfigurations = (
				FAD9000918B33CA80098DA76 /* Debug */,
				FAD9000A18B33CA80098DA76 /* Release */,
			);
			defaultConfigurationIsVisible = 0;
			defaultConfigurationName = Release;
		};
		FAD9FFCF18B33CA70098DA76 /* Build configuration list for PBXProject "QuickTransfer" */ = {
			isa = XCConfigurationList;
			buildConfigurations = (
				FAD9000318B33CA80098DA76 /* Debug */,
				FAD9000418B33CA80098DA76 /* Release */,
			);
			defaultConfigurationIsVisible = 0;
			defaultConfigurationName = Release;
		};
/* End XCConfigurationList section */
	};
	rootObject = FAD9FFCC18B33CA70098DA76 /* Project object */;
}
